// !$*UTF8*$!
{
	archiveVersion = 1;
	classes = {
	};
	objectVersion = 46;
	objects = {

/* Begin PBXBuildFile section */
		050B83F11EB91B830090EA12 /* libc++.tbd in Frameworks */ = {isa = PBXBuildFile; fileRef = 050B83F01EB91B830090EA12 /* libc++.tbd */; };
		050B83F21EB91B890090EA12 /* libc++.tbd in Frameworks */ = {isa = PBXBuildFile; fileRef = 050B83F01EB91B830090EA12 /* libc++.tbd */; };
		051F9C7D1C19C3EE005D471A /* XS-Atomic-Non-Trivial.cpp in Sources */ = {isa = PBXBuildFile; fileRef = 051F9C771C19C3EE005D471A /* XS-Atomic-Non-Trivial.cpp */; };
		051F9C7E1C19C3EE005D471A /* XS-Atomic-Trivial-Bool.cpp in Sources */ = {isa = PBXBuildFile; fileRef = 051F9C781C19C3EE005D471A /* XS-Atomic-Trivial-Bool.cpp */; };
		051F9C7F1C19C3EE005D471A /* XS-Atomic-Trivial-Double.cpp in Sources */ = {isa = PBXBuildFile; fileRef = 051F9C791C19C3EE005D471A /* XS-Atomic-Trivial-Double.cpp */; };
		051F9C801C19C3EE005D471A /* XS-Atomic-Trivial-Integral.cpp in Sources */ = {isa = PBXBuildFile; fileRef = 051F9C7A1C19C3EE005D471A /* XS-Atomic-Trivial-Integral.cpp */; };
		051F9C811C19C3EE005D471A /* XS-Atomic-Trivial-Pointer.cpp in Sources */ = {isa = PBXBuildFile; fileRef = 051F9C7B1C19C3EE005D471A /* XS-Atomic-Trivial-Pointer.cpp */; };
		051F9C821C19C3EE005D471A /* XS-Atomic-Trivial-Struct.cpp in Sources */ = {isa = PBXBuildFile; fileRef = 051F9C7C1C19C3EE005D471A /* XS-Atomic-Trivial-Struct.cpp */; };
		051F9C851C19ECB4005D471A /* XS-Atomic-Trivial-Bitwise.cpp in Sources */ = {isa = PBXBuildFile; fileRef = 051F9C841C19ECB4005D471A /* XS-Atomic-Trivial-Bitwise.cpp */; };
		0535F8E71E92DF02001CE2FB /* XS-IPC-Semaphore-Guard.cpp in Sources */ = {isa = PBXBuildFile; fileRef = 0535F8E61E92DF02001CE2FB /* XS-IPC-Semaphore-Guard.cpp */; };
		0544CC9A2276F8D2004A2499 /* XSTest.framework in Frameworks */ = {isa = PBXBuildFile; fileRef = 0544CC972276F8A8004A2499 /* XSTest.framework */; };
		0549BE9A1E92D165005D057D /* RWLock.cpp in Sources */ = {isa = PBXBuildFile; fileRef = 0549BE991E92D165005D057D /* RWLock.cpp */; };
		0549BE9C1E92D228005D057D /* XS-IPC-RWLock.cpp in Sources */ = {isa = PBXBuildFile; fileRef = 0549BE9B1E92D228005D057D /* XS-IPC-RWLock.cpp */; };
		0549BE9F1E92D599005D057D /* Guard.cpp in Sources */ = {isa = PBXBuildFile; fileRef = 0549BE9E1E92D599005D057D /* Guard.cpp */; };
		055ABC201E833D0B00CBE8A3 /* XS-IPC-SharedMemory.cpp in Sources */ = {isa = PBXBuildFile; fileRef = 055ABC1E1E833D0600CBE8A3 /* XS-IPC-SharedMemory.cpp */; };
		057CD63A1E81F36600A80970 /* RWLock.cpp in Sources */ = {isa = PBXBuildFile; fileRef = 057CD6391E81F36600A80970 /* RWLock.cpp */; };
		057E725C1E843960006B9999 /* libCrashGuard.a in Frameworks */ = {isa = PBXBuildFile; fileRef = 057E72541E843949006B9999 /* libCrashGuard.a */; };
		057E72641E847D62006B9999 /* main.cpp in Sources */ = {isa = PBXBuildFile; fileRef = 057E72631E847D62006B9999 /* main.cpp */; };
		057E726B1E847DB4006B9999 /* Test-Helper in CopyFiles */ = {isa = PBXBuildFile; fileRef = 057E72611E847D62006B9999 /* Test-Helper */; settings = {ATTRIBUTES = (CodeSignOnCopy, ); }; };
		057E726E1E847F1B006B9999 /* CoreFoundation.framework in Frameworks */ = {isa = PBXBuildFile; fileRef = 057E726D1E847F1B006B9999 /* CoreFoundation.framework */; };
		057E726F1E8538C9006B9999 /* libCPPAtomic.a in Frameworks */ = {isa = PBXBuildFile; fileRef = 05EC8A471E81E854007233F2 /* libCPPAtomic.a */; };
		05A76A1C1E85AD780086C883 /* XS-IPC-TestBase.cpp in Sources */ = {isa = PBXBuildFile; fileRef = 05A76A181E85A5040086C883 /* XS-IPC-TestBase.cpp */; };
		05CDB0391E81F85000DD9BB2 /* XS-IPC-Semaphore.cpp in Sources */ = {isa = PBXBuildFile; fileRef = 05CDB0381E81F85000DD9BB2 /* XS-IPC-Semaphore.cpp */; };
		05CFA84A1E8AF8E3009AFA13 /* XS-RWLock.cpp in Sources */ = {isa = PBXBuildFile; fileRef = 05CFA8491E8AF8E3009AFA13 /* XS-RWLock.cpp */; };
		05D17E7D1E8294F20009AF6E /* Semaphore.cpp in Sources */ = {isa = PBXBuildFile; fileRef = 05D17E7C1E8294F20009AF6E /* Semaphore.cpp */; };
		05EC8A5C1E81E945007233F2 /* libCPPAtomic.a in Frameworks */ = {isa = PBXBuildFile; fileRef = 05EC8A471E81E854007233F2 /* libCPPAtomic.a */; };
		05EF37AB1E83226D00684946 /* SharedMemory.cpp in Sources */ = {isa = PBXBuildFile; fileRef = 05EF37AA1E83226D00684946 /* SharedMemory.cpp */; };
		05F58B201E81EB9D000D50A0 /* AtomicAdd32.cpp in Sources */ = {isa = PBXBuildFile; fileRef = 05F58B161E81EB9D000D50A0 /* AtomicAdd32.cpp */; };
		05F58B211E81EB9D000D50A0 /* AtomicAdd64.cpp in Sources */ = {isa = PBXBuildFile; fileRef = 05F58B171E81EB9D000D50A0 /* AtomicAdd64.cpp */; };
		05F58B221E81EB9D000D50A0 /* AtomicCompareAndSwap32.cpp in Sources */ = {isa = PBXBuildFile; fileRef = 05F58B181E81EB9D000D50A0 /* AtomicCompareAndSwap32.cpp */; };
		05F58B231E81EB9D000D50A0 /* AtomicCompareAndSwap64.cpp in Sources */ = {isa = PBXBuildFile; fileRef = 05F58B191E81EB9D000D50A0 /* AtomicCompareAndSwap64.cpp */; };
		05F58B241E81EB9D000D50A0 /* AtomicCompareAndSwapPointer.cpp in Sources */ = {isa = PBXBuildFile; fileRef = 05F58B1A1E81EB9D000D50A0 /* AtomicCompareAndSwapPointer.cpp */; };
		05F58B251E81EB9D000D50A0 /* AtomicDecrement32.cpp in Sources */ = {isa = PBXBuildFile; fileRef = 05F58B1B1E81EB9D000D50A0 /* AtomicDecrement32.cpp */; };
		05F58B261E81EB9D000D50A0 /* AtomicDecrement64.cpp in Sources */ = {isa = PBXBuildFile; fileRef = 05F58B1C1E81EB9D000D50A0 /* AtomicDecrement64.cpp */; };
		05F58B271E81EB9D000D50A0 /* AtomicIncrement32.cpp in Sources */ = {isa = PBXBuildFile; fileRef = 05F58B1D1E81EB9D000D50A0 /* AtomicIncrement32.cpp */; };
		05F58B281E81EB9D000D50A0 /* AtomicIncrement64.cpp in Sources */ = {isa = PBXBuildFile; fileRef = 05F58B1E1E81EB9D000D50A0 /* AtomicIncrement64.cpp */; };
		05F58B291E81EB9D000D50A0 /* MemoryBarrier.cpp in Sources */ = {isa = PBXBuildFile; fileRef = 05F58B1F1E81EB9D000D50A0 /* MemoryBarrier.cpp */; };
		05F58B2B1E81EDC3000D50A0 /* XS-Atomic-Functions.cpp in Sources */ = {isa = PBXBuildFile; fileRef = 05F58B2A1E81EDC3000D50A0 /* XS-Atomic-Functions.cpp */; };
		05FCF6E71E83073800D98BFC /* XS-Atomic-Static.cpp in Sources */ = {isa = PBXBuildFile; fileRef = 05FCF6E61E83073800D98BFC /* XS-Atomic-Static.cpp */; };
/* End PBXBuildFile section */

/* Begin PBXContainerItemProxy section */
		0544CC962276F8A8004A2499 /* PBXContainerItemProxy */ = {
			isa = PBXContainerItemProxy;
			containerPortal = 0544CC922276F8A8004A2499 /* XSTest.xcodeproj */;
			proxyType = 2;
			remoteGlobalIDString = 05D526E721A864BC0025CCEB;
			remoteInfo = XSTest;
		};
		0544CC982276F8B7004A2499 /* PBXContainerItemProxy */ = {
			isa = PBXContainerItemProxy;
			containerPortal = 0544CC922276F8A8004A2499 /* XSTest.xcodeproj */;
			proxyType = 1;
			remoteGlobalIDString = 05D526E621A864BC0025CCEB;
			remoteInfo = XSTest;
		};
		055F181E1D99779E002B5491 /* PBXContainerItemProxy */ = {
			isa = PBXContainerItemProxy;
			containerPortal = 055F18191D99779D002B5491 /* CPPTraits.xcodeproj */;
			proxyType = 2;
			remoteGlobalIDString = 053BEDAC1B8EFDC1007D82A4;
			remoteInfo = "CPPTraits-Tests";
		};
		057E72531E843949006B9999 /* PBXContainerItemProxy */ = {
			isa = PBXContainerItemProxy;
			containerPortal = 057E724D1E843949006B9999 /* CrashGuard.xcodeproj */;
			proxyType = 2;
			remoteGlobalIDString = 05EC8A471E81E854007233F2;
			remoteInfo = CrashGuard;
		};
		057E72551E843949006B9999 /* PBXContainerItemProxy */ = {
			isa = PBXContainerItemProxy;
			containerPortal = 057E724D1E843949006B9999 /* CrashGuard.xcodeproj */;
			proxyType = 2;
			remoteGlobalIDString = 055FBCB41E83D9D7001301A9;
			remoteInfo = Test;
		};
		057E725A1E84395B006B9999 /* PBXContainerItemProxy */ = {
			isa = PBXContainerItemProxy;
			containerPortal = 057E724D1E843949006B9999 /* CrashGuard.xcodeproj */;
			proxyType = 1;
			remoteGlobalIDString = 05EC8A461E81E854007233F2;
			remoteInfo = CrashGuard;
		};
		057E72681E847DA1006B9999 /* PBXContainerItemProxy */ = {
			isa = PBXContainerItemProxy;
			containerPortal = 05BD894A1A13FF4700A43CD8 /* Project object */;
			proxyType = 1;
			remoteGlobalIDString = 057E72601E847D62006B9999;
			remoteInfo = "Test-Helper";
		};
		05EC8A5A1E81E941007233F2 /* PBXContainerItemProxy */ = {
			isa = PBXContainerItemProxy;
			containerPortal = 05BD894A1A13FF4700A43CD8 /* Project object */;
			proxyType = 1;
			remoteGlobalIDString = 05EC8A461E81E854007233F2;
			remoteInfo = CPPAtomic;
		};
/* End PBXContainerItemProxy section */

/* Begin PBXCopyFilesBuildPhase section */
		057E725F1E847D62006B9999 /* CopyFiles */ = {
			isa = PBXCopyFilesBuildPhase;
			buildActionMask = 2147483647;
			dstPath = /usr/share/man/man1/;
			dstSubfolderSpec = 0;
			files = (
			);
			runOnlyForDeploymentPostprocessing = 1;
		};
		057E726A1E847DA6006B9999 /* CopyFiles */ = {
			isa = PBXCopyFilesBuildPhase;
			buildActionMask = 2147483647;
			dstPath = "";
			dstSubfolderSpec = 6;
			files = (
				057E726B1E847DB4006B9999 /* Test-Helper in CopyFiles */,
			);
			runOnlyForDeploymentPostprocessing = 0;
		};
/* End PBXCopyFilesBuildPhase section */

/* Begin PBXFileReference section */
		050B83F01EB91B830090EA12 /* libc++.tbd */ = {isa = PBXFileReference; lastKnownFileType = "sourcecode.text-based-dylib-definition"; name = "libc++.tbd"; path = "usr/lib/libc++.tbd"; sourceTree = SDKROOT; };
		05110D041C1F121C00EE6851 /* LICENSE */ = {isa = PBXFileReference; fileEncoding = 4; lastKnownFileType = text; path = LICENSE; sourceTree = "<group>"; };
		05110D051C1F121C00EE6851 /* README.md */ = {isa = PBXFileReference; fileEncoding = 4; lastKnownFileType = net.daringfireball.markdown; path = README.md; sourceTree = "<group>"; };
		051F9C771C19C3EE005D471A /* XS-Atomic-Non-Trivial.cpp */ = {isa = PBXFileReference; fileEncoding = 4; lastKnownFileType = sourcecode.cpp.cpp; path = "XS-Atomic-Non-Trivial.cpp"; sourceTree = "<group>"; };
		051F9C781C19C3EE005D471A /* XS-Atomic-Trivial-Bool.cpp */ = {isa = PBXFileReference; fileEncoding = 4; lastKnownFileType = sourcecode.cpp.cpp; path = "XS-Atomic-Trivial-Bool.cpp"; sourceTree = "<group>"; };
		051F9C791C19C3EE005D471A /* XS-Atomic-Trivial-Double.cpp */ = {isa = PBXFileReference; fileEncoding = 4; lastKnownFileType = sourcecode.cpp.cpp; path = "XS-Atomic-Trivial-Double.cpp"; sourceTree = "<group>"; };
		051F9C7A1C19C3EE005D471A /* XS-Atomic-Trivial-Integral.cpp */ = {isa = PBXFileReference; fileEncoding = 4; lastKnownFileType = sourcecode.cpp.cpp; path = "XS-Atomic-Trivial-Integral.cpp"; sourceTree = "<group>"; };
		051F9C7B1C19C3EE005D471A /* XS-Atomic-Trivial-Pointer.cpp */ = {isa = PBXFileReference; fileEncoding = 4; lastKnownFileType = sourcecode.cpp.cpp; path = "XS-Atomic-Trivial-Pointer.cpp"; sourceTree = "<group>"; };
		051F9C7C1C19C3EE005D471A /* XS-Atomic-Trivial-Struct.cpp */ = {isa = PBXFileReference; fileEncoding = 4; lastKnownFileType = sourcecode.cpp.cpp; path = "XS-Atomic-Trivial-Struct.cpp"; sourceTree = "<group>"; };
		051F9C841C19ECB4005D471A /* XS-Atomic-Trivial-Bitwise.cpp */ = {isa = PBXFileReference; fileEncoding = 4; lastKnownFileType = sourcecode.cpp.cpp; path = "XS-Atomic-Trivial-Bitwise.cpp"; sourceTree = "<group>"; };
		0535F8E61E92DF02001CE2FB /* XS-IPC-Semaphore-Guard.cpp */ = {isa = PBXFileReference; fileEncoding = 4; lastKnownFileType = sourcecode.cpp.cpp; path = "XS-IPC-Semaphore-Guard.cpp"; sourceTree = "<group>"; };
		053BEDAC1B8EFDC1007D82A4 /* CPPAtomic-Tests.xctest */ = {isa = PBXFileReference; explicitFileType = wrapper.cfbundle; includeInIndex = 0; path = "CPPAtomic-Tests.xctest"; sourceTree = BUILT_PRODUCTS_DIR; };
		053BEDC71B8EFE1E007D82A4 /* Info.plist */ = {isa = PBXFileReference; fileEncoding = 4; lastKnownFileType = text.plist.xml; path = Info.plist; sourceTree = "<group>"; };
		053BEDE71B90ABB2007D82A4 /* travis-after.sh */ = {isa = PBXFileReference; fileEncoding = 4; lastKnownFileType = text.script.sh; path = "travis-after.sh"; sourceTree = "<group>"; };
		0544CC922276F8A8004A2499 /* XSTest.xcodeproj */ = {isa = PBXFileReference; lastKnownFileType = "wrapper.pb-project"; name = XSTest.xcodeproj; path = Submodules/XSTest/XSTest.xcodeproj; sourceTree = "<group>"; };
		0549BE931E92D136005D057D /* RWLock.hpp */ = {isa = PBXFileReference; lastKnownFileType = sourcecode.cpp.h; path = RWLock.hpp; sourceTree = "<group>"; };
		0549BE991E92D165005D057D /* RWLock.cpp */ = {isa = PBXFileReference; fileEncoding = 4; lastKnownFileType = sourcecode.cpp.cpp; path = RWLock.cpp; sourceTree = "<group>"; };
		0549BE9B1E92D228005D057D /* XS-IPC-RWLock.cpp */ = {isa = PBXFileReference; fileEncoding = 4; lastKnownFileType = sourcecode.cpp.cpp; path = "XS-IPC-RWLock.cpp"; sourceTree = "<group>"; };
		0549BE9E1E92D599005D057D /* Guard.cpp */ = {isa = PBXFileReference; fileEncoding = 4; lastKnownFileType = sourcecode.cpp.cpp; path = Guard.cpp; sourceTree = "<group>"; };
		055ABC1E1E833D0600CBE8A3 /* XS-IPC-SharedMemory.cpp */ = {isa = PBXFileReference; fileEncoding = 4; lastKnownFileType = sourcecode.cpp.cpp; path = "XS-IPC-SharedMemory.cpp"; sourceTree = "<group>"; };
		055F18191D99779D002B5491 /* CPPTraits.xcodeproj */ = {isa = PBXFileReference; lastKnownFileType = "wrapper.pb-project"; name = CPPTraits.xcodeproj; path = Submodules/CPPTraits/CPPTraits.xcodeproj; sourceTree = "<group>"; };
		057CD6391E81F36600A80970 /* RWLock.cpp */ = {isa = PBXFileReference; fileEncoding = 4; lastKnownFileType = sourcecode.cpp.cpp; path = RWLock.cpp; sourceTree = "<group>"; };
		057CD63F1E81F37100A80970 /* RWLock.hpp */ = {isa = PBXFileReference; fileEncoding = 4; lastKnownFileType = sourcecode.cpp.h; path = RWLock.hpp; sourceTree = "<group>"; };
		057E724D1E843949006B9999 /* CrashGuard.xcodeproj */ = {isa = PBXFileReference; lastKnownFileType = "wrapper.pb-project"; name = CrashGuard.xcodeproj; path = Submodules/CrashGuard/CrashGuard.xcodeproj; sourceTree = "<group>"; };
		057E72611E847D62006B9999 /* Test-Helper */ = {isa = PBXFileReference; explicitFileType = "compiled.mach-o.executable"; includeInIndex = 0; path = "Test-Helper"; sourceTree = BUILT_PRODUCTS_DIR; };
		057E72631E847D62006B9999 /* main.cpp */ = {isa = PBXFileReference; lastKnownFileType = sourcecode.cpp.cpp; path = main.cpp; sourceTree = "<group>"; };
		057E726D1E847F1B006B9999 /* CoreFoundation.framework */ = {isa = PBXFileReference; lastKnownFileType = wrapper.framework; name = CoreFoundation.framework; path = System/Library/Frameworks/CoreFoundation.framework; sourceTree = SDKROOT; };
		05A6C6891C18AEDD002C6A44 /* Atomic.hpp */ = {isa = PBXFileReference; fileEncoding = 4; lastKnownFileType = sourcecode.cpp.h; path = Atomic.hpp; sourceTree = "<group>"; };
		05A76A181E85A5040086C883 /* XS-IPC-TestBase.cpp */ = {isa = PBXFileReference; fileEncoding = 4; lastKnownFileType = sourcecode.cpp.cpp; path = "XS-IPC-TestBase.cpp"; sourceTree = "<group>"; };
		05A76A191E85A5040086C883 /* XS-IPC-TestBase.hpp */ = {isa = PBXFileReference; fileEncoding = 4; lastKnownFileType = sourcecode.cpp.h; path = "XS-IPC-TestBase.hpp"; sourceTree = "<group>"; };
		05CDB0381E81F85000DD9BB2 /* XS-IPC-Semaphore.cpp */ = {isa = PBXFileReference; fileEncoding = 4; lastKnownFileType = sourcecode.cpp.cpp; path = "XS-IPC-Semaphore.cpp"; sourceTree = "<group>"; };
		05CFA8491E8AF8E3009AFA13 /* XS-RWLock.cpp */ = {isa = PBXFileReference; fileEncoding = 4; lastKnownFileType = sourcecode.cpp.cpp; path = "XS-RWLock.cpp"; sourceTree = "<group>"; };
		05D17E7C1E8294F20009AF6E /* Semaphore.cpp */ = {isa = PBXFileReference; fileEncoding = 4; lastKnownFileType = sourcecode.cpp.cpp; path = Semaphore.cpp; sourceTree = "<group>"; };
		05D17E7F1E8295000009AF6E /* Semaphore.hpp */ = {isa = PBXFileReference; lastKnownFileType = sourcecode.cpp.h; path = Semaphore.hpp; sourceTree = "<group>"; };
		05DBA1E0201E481800638A44 /* Release - ccache.xcconfig */ = {isa = PBXFileReference; lastKnownFileType = text.xcconfig; path = "Release - ccache.xcconfig"; sourceTree = "<group>"; };
		05DBA1E1201E481800638A44 /* Common.xcconfig */ = {isa = PBXFileReference; lastKnownFileType = text.xcconfig; path = Common.xcconfig; sourceTree = "<group>"; };
		05DBA1E2201E481800638A44 /* Debug - ccache.xcconfig */ = {isa = PBXFileReference; lastKnownFileType = text.xcconfig; path = "Debug - ccache.xcconfig"; sourceTree = "<group>"; };
		05DBA1E3201E481800638A44 /* Debug.xcconfig */ = {isa = PBXFileReference; lastKnownFileType = text.xcconfig; path = Debug.xcconfig; sourceTree = "<group>"; };
		05DBA1E4201E481800638A44 /* Release.xcconfig */ = {isa = PBXFileReference; lastKnownFileType = text.xcconfig; path = Release.xcconfig; sourceTree = "<group>"; };
		05DBA1E5201E481800638A44 /* README.md */ = {isa = PBXFileReference; lastKnownFileType = net.daringfireball.markdown; path = README.md; sourceTree = "<group>"; };
		05DBA1E7201E481800638A44 /* Signing.xcconfig */ = {isa = PBXFileReference; lastKnownFileType = text.xcconfig; path = Signing.xcconfig; sourceTree = "<group>"; };
		05DBA1E8201E481800638A44 /* Architectures.xcconfig */ = {isa = PBXFileReference; lastKnownFileType = text.xcconfig; path = Architectures.xcconfig; sourceTree = "<group>"; };
		05DBA1EA201E481800638A44 /* Issues.xcconfig */ = {isa = PBXFileReference; lastKnownFileType = text.xcconfig; path = Issues.xcconfig; sourceTree = "<group>"; };
		05DBA1EC201E481800638A44 /* Apple-APIs.xcconfig */ = {isa = PBXFileReference; lastKnownFileType = text.xcconfig; path = "Apple-APIs.xcconfig"; sourceTree = "<group>"; };
		05DBA1ED201E481800638A44 /* Generic-Issues.xcconfig */ = {isa = PBXFileReference; lastKnownFileType = text.xcconfig; path = "Generic-Issues.xcconfig"; sourceTree = "<group>"; };
		05DBA1EE201E481800638A44 /* Security.xcconfig */ = {isa = PBXFileReference; lastKnownFileType = text.xcconfig; path = Security.xcconfig; sourceTree = "<group>"; };
		05DBA1EF201E481800638A44 /* Objective-C.xcconfig */ = {isa = PBXFileReference; lastKnownFileType = text.xcconfig; path = "Objective-C.xcconfig"; sourceTree = "<group>"; };
		05DBA1F0201E481800638A44 /* Analysis-Policy.xcconfig */ = {isa = PBXFileReference; lastKnownFileType = text.xcconfig; path = "Analysis-Policy.xcconfig"; sourceTree = "<group>"; };
		05DBA1F1201E481800638A44 /* Deployment.xcconfig */ = {isa = PBXFileReference; lastKnownFileType = text.xcconfig; path = Deployment.xcconfig; sourceTree = "<group>"; };
		05DBA1F2201E481800638A44 /* Build-Options.xcconfig */ = {isa = PBXFileReference; lastKnownFileType = text.xcconfig; path = "Build-Options.xcconfig"; sourceTree = "<group>"; };
		05DBA1F3201E481800638A44 /* Swift-Compiler.xcconfig */ = {isa = PBXFileReference; lastKnownFileType = text.xcconfig; path = "Swift-Compiler.xcconfig"; sourceTree = "<group>"; };
		05DBA1F4201E481800638A44 /* Static-Analyzer.xcconfig */ = {isa = PBXFileReference; lastKnownFileType = text.xcconfig; path = "Static-Analyzer.xcconfig"; sourceTree = "<group>"; };
		05DBA1F6201E481800638A44 /* Warnings-Policies.xcconfig */ = {isa = PBXFileReference; lastKnownFileType = text.xcconfig; path = "Warnings-Policies.xcconfig"; sourceTree = "<group>"; };
		05DBA1F7201E481800638A44 /* Code-Generation.xcconfig */ = {isa = PBXFileReference; lastKnownFileType = text.xcconfig; path = "Code-Generation.xcconfig"; sourceTree = "<group>"; };
		05DBA1F8201E481800638A44 /* Language.xcconfig */ = {isa = PBXFileReference; lastKnownFileType = text.xcconfig; path = Language.xcconfig; sourceTree = "<group>"; };
		05DBA1F9201E481800638A44 /* General.xcconfig */ = {isa = PBXFileReference; lastKnownFileType = text.xcconfig; path = General.xcconfig; sourceTree = "<group>"; };
		05DBA1FA201E481800638A44 /* Search-Paths.xcconfig */ = {isa = PBXFileReference; lastKnownFileType = text.xcconfig; path = "Search-Paths.xcconfig"; sourceTree = "<group>"; };
		05DBA1FB201E481800638A44 /* Apple-LLVM.xcconfig */ = {isa = PBXFileReference; lastKnownFileType = text.xcconfig; path = "Apple-LLVM.xcconfig"; sourceTree = "<group>"; };
		05DBA1FE201E481800638A44 /* Modules.xcconfig */ = {isa = PBXFileReference; lastKnownFileType = text.xcconfig; path = Modules.xcconfig; sourceTree = "<group>"; };
		05DBA1FF201E481800638A44 /* Objective-C.xcconfig */ = {isa = PBXFileReference; lastKnownFileType = text.xcconfig; path = "Objective-C.xcconfig"; sourceTree = "<group>"; };
		05DBA200201E481800638A44 /* C++.xcconfig */ = {isa = PBXFileReference; lastKnownFileType = text.xcconfig; path = "C++.xcconfig"; sourceTree = "<group>"; };
		05DBA201201E481800638A44 /* Code-Generation.xcconfig */ = {isa = PBXFileReference; lastKnownFileType = text.xcconfig; path = "Code-Generation.xcconfig"; sourceTree = "<group>"; };
		05DBA202201E481800638A44 /* Address-Sanitizer.xcconfig */ = {isa = PBXFileReference; lastKnownFileType = text.xcconfig; path = "Address-Sanitizer.xcconfig"; sourceTree = "<group>"; };
		05DBA203201E481800638A44 /* Language.xcconfig */ = {isa = PBXFileReference; lastKnownFileType = text.xcconfig; path = Language.xcconfig; sourceTree = "<group>"; };
		05DBA204201E481800638A44 /* Warnings.xcconfig */ = {isa = PBXFileReference; lastKnownFileType = text.xcconfig; path = Warnings.xcconfig; sourceTree = "<group>"; };
		05DBA205201E481800638A44 /* Undefined-Behavior-Sanitizer.xcconfig */ = {isa = PBXFileReference; lastKnownFileType = text.xcconfig; path = "Undefined-Behavior-Sanitizer.xcconfig"; sourceTree = "<group>"; };
		05DBA206201E481800638A44 /* Warning-Policies.xcconfig */ = {isa = PBXFileReference; lastKnownFileType = text.xcconfig; path = "Warning-Policies.xcconfig"; sourceTree = "<group>"; };
		05DBA208201E481800638A44 /* Objective-C-ARC.xcconfig */ = {isa = PBXFileReference; lastKnownFileType = text.xcconfig; path = "Objective-C-ARC.xcconfig"; sourceTree = "<group>"; };
		05DBA209201E481800638A44 /* Objective-C.xcconfig */ = {isa = PBXFileReference; lastKnownFileType = text.xcconfig; path = "Objective-C.xcconfig"; sourceTree = "<group>"; };
		05DBA20A201E481800638A44 /* C++.xcconfig */ = {isa = PBXFileReference; lastKnownFileType = text.xcconfig; path = "C++.xcconfig"; sourceTree = "<group>"; };
		05DBA20B201E481800638A44 /* All-Languages.xcconfig */ = {isa = PBXFileReference; lastKnownFileType = text.xcconfig; path = "All-Languages.xcconfig"; sourceTree = "<group>"; };
		05DBA20C201E481800638A44 /* Preprocessing.xcconfig */ = {isa = PBXFileReference; lastKnownFileType = text.xcconfig; path = Preprocessing.xcconfig; sourceTree = "<group>"; };
		05DBA20D201E481800638A44 /* .gitignore */ = {isa = PBXFileReference; lastKnownFileType = text; path = .gitignore; sourceTree = "<group>"; };
		05DBA20F201E481800638A44 /* ccache-config.sh */ = {isa = PBXFileReference; lastKnownFileType = text.script.sh; path = "ccache-config.sh"; sourceTree = "<group>"; };
		05DBA210201E481800638A44 /* ccache.sh */ = {isa = PBXFileReference; lastKnownFileType = text.script.sh; path = ccache.sh; sourceTree = "<group>"; };
		05EC8A471E81E854007233F2 /* libCPPAtomic.a */ = {isa = PBXFileReference; explicitFileType = archive.ar; includeInIndex = 0; path = libCPPAtomic.a; sourceTree = BUILT_PRODUCTS_DIR; };
		05EC8A591E81E8DD007233F2 /* Atomic-Functions.hpp */ = {isa = PBXFileReference; lastKnownFileType = sourcecode.cpp.h; path = "Atomic-Functions.hpp"; sourceTree = "<group>"; };
		05EF37A91E83221E00684946 /* SharedMemory.hpp */ = {isa = PBXFileReference; lastKnownFileType = sourcecode.cpp.h; path = SharedMemory.hpp; sourceTree = "<group>"; };
		05EF37AA1E83226D00684946 /* SharedMemory.cpp */ = {isa = PBXFileReference; fileEncoding = 4; lastKnownFileType = sourcecode.cpp.cpp; path = SharedMemory.cpp; sourceTree = "<group>"; };
		05F58B161E81EB9D000D50A0 /* AtomicAdd32.cpp */ = {isa = PBXFileReference; fileEncoding = 4; lastKnownFileType = sourcecode.cpp.cpp; path = AtomicAdd32.cpp; sourceTree = "<group>"; };
		05F58B171E81EB9D000D50A0 /* AtomicAdd64.cpp */ = {isa = PBXFileReference; fileEncoding = 4; lastKnownFileType = sourcecode.cpp.cpp; path = AtomicAdd64.cpp; sourceTree = "<group>"; };
		05F58B181E81EB9D000D50A0 /* AtomicCompareAndSwap32.cpp */ = {isa = PBXFileReference; fileEncoding = 4; lastKnownFileType = sourcecode.cpp.cpp; path = AtomicCompareAndSwap32.cpp; sourceTree = "<group>"; };
		05F58B191E81EB9D000D50A0 /* AtomicCompareAndSwap64.cpp */ = {isa = PBXFileReference; fileEncoding = 4; lastKnownFileType = sourcecode.cpp.cpp; path = AtomicCompareAndSwap64.cpp; sourceTree = "<group>"; };
		05F58B1A1E81EB9D000D50A0 /* AtomicCompareAndSwapPointer.cpp */ = {isa = PBXFileReference; fileEncoding = 4; lastKnownFileType = sourcecode.cpp.cpp; path = AtomicCompareAndSwapPointer.cpp; sourceTree = "<group>"; };
		05F58B1B1E81EB9D000D50A0 /* AtomicDecrement32.cpp */ = {isa = PBXFileReference; fileEncoding = 4; lastKnownFileType = sourcecode.cpp.cpp; path = AtomicDecrement32.cpp; sourceTree = "<group>"; };
		05F58B1C1E81EB9D000D50A0 /* AtomicDecrement64.cpp */ = {isa = PBXFileReference; fileEncoding = 4; lastKnownFileType = sourcecode.cpp.cpp; path = AtomicDecrement64.cpp; sourceTree = "<group>"; };
		05F58B1D1E81EB9D000D50A0 /* AtomicIncrement32.cpp */ = {isa = PBXFileReference; fileEncoding = 4; lastKnownFileType = sourcecode.cpp.cpp; path = AtomicIncrement32.cpp; sourceTree = "<group>"; };
		05F58B1E1E81EB9D000D50A0 /* AtomicIncrement64.cpp */ = {isa = PBXFileReference; fileEncoding = 4; lastKnownFileType = sourcecode.cpp.cpp; path = AtomicIncrement64.cpp; sourceTree = "<group>"; };
		05F58B1F1E81EB9D000D50A0 /* MemoryBarrier.cpp */ = {isa = PBXFileReference; fileEncoding = 4; lastKnownFileType = sourcecode.cpp.cpp; path = MemoryBarrier.cpp; sourceTree = "<group>"; };
		05F58B2A1E81EDC3000D50A0 /* XS-Atomic-Functions.cpp */ = {isa = PBXFileReference; fileEncoding = 4; lastKnownFileType = sourcecode.cpp.cpp; path = "XS-Atomic-Functions.cpp"; sourceTree = "<group>"; };
		05FCF6E61E83073800D98BFC /* XS-Atomic-Static.cpp */ = {isa = PBXFileReference; fileEncoding = 4; lastKnownFileType = sourcecode.cpp.cpp; path = "XS-Atomic-Static.cpp"; sourceTree = "<group>"; };
/* End PBXFileReference section */

/* Begin PBXFrameworksBuildPhase section */
		053BEDA91B8EFDC1007D82A4 /* Frameworks */ = {
			isa = PBXFrameworksBuildPhase;
			buildActionMask = 2147483647;
			files = (
				050B83F11EB91B830090EA12 /* libc++.tbd in Frameworks */,
				057E726E1E847F1B006B9999 /* CoreFoundation.framework in Frameworks */,
				0544CC9A2276F8D2004A2499 /* XSTest.framework in Frameworks */,
				05EC8A5C1E81E945007233F2 /* libCPPAtomic.a in Frameworks */,
			);
			runOnlyForDeploymentPostprocessing = 0;
		};
		057E725E1E847D62006B9999 /* Frameworks */ = {
			isa = PBXFrameworksBuildPhase;
			buildActionMask = 2147483647;
			files = (
				050B83F21EB91B890090EA12 /* libc++.tbd in Frameworks */,
				057E726F1E8538C9006B9999 /* libCPPAtomic.a in Frameworks */,
			);
			runOnlyForDeploymentPostprocessing = 0;
		};
		05EC8A441E81E854007233F2 /* Frameworks */ = {
			isa = PBXFrameworksBuildPhase;
			buildActionMask = 2147483647;
			files = (
				057E725C1E843960006B9999 /* libCrashGuard.a in Frameworks */,
			);
			runOnlyForDeploymentPostprocessing = 0;
		};
/* End PBXFrameworksBuildPhase section */

/* Begin PBXGroup section */
		053BEDA51B8EFCB6007D82A4 /* Unit-Tests */ = {
			isa = PBXGroup;
			children = (
				053BEDC71B8EFE1E007D82A4 /* Info.plist */,
				05F58B2A1E81EDC3000D50A0 /* XS-Atomic-Functions.cpp */,
				051F9C771C19C3EE005D471A /* XS-Atomic-Non-Trivial.cpp */,
				05FCF6E61E83073800D98BFC /* XS-Atomic-Static.cpp */,
				051F9C841C19ECB4005D471A /* XS-Atomic-Trivial-Bitwise.cpp */,
				051F9C781C19C3EE005D471A /* XS-Atomic-Trivial-Bool.cpp */,
				051F9C791C19C3EE005D471A /* XS-Atomic-Trivial-Double.cpp */,
				051F9C7A1C19C3EE005D471A /* XS-Atomic-Trivial-Integral.cpp */,
				051F9C7B1C19C3EE005D471A /* XS-Atomic-Trivial-Pointer.cpp */,
				051F9C7C1C19C3EE005D471A /* XS-Atomic-Trivial-Struct.cpp */,
				0549BE9B1E92D228005D057D /* XS-IPC-RWLock.cpp */,
				05CDB0381E81F85000DD9BB2 /* XS-IPC-Semaphore.cpp */,
				0535F8E61E92DF02001CE2FB /* XS-IPC-Semaphore-Guard.cpp */,
				055ABC1E1E833D0600CBE8A3 /* XS-IPC-SharedMemory.cpp */,
				05A76A181E85A5040086C883 /* XS-IPC-TestBase.cpp */,
				05A76A191E85A5040086C883 /* XS-IPC-TestBase.hpp */,
				05CFA8491E8AF8E3009AFA13 /* XS-RWLock.cpp */,
			);
			path = "Unit-Tests";
			sourceTree = "<group>";
		};
		053BEDE51B90ABB2007D82A4 /* Scripts */ = {
			isa = PBXGroup;
			children = (
				053BEDE71B90ABB2007D82A4 /* travis-after.sh */,
			);
			path = Scripts;
			sourceTree = "<group>";
		};
		0544CC932276F8A8004A2499 /* Products */ = {
			isa = PBXGroup;
			children = (
				0544CC972276F8A8004A2499 /* XSTest.framework */,
			);
			name = Products;
			sourceTree = "<group>";
		};
		0549BE9D1E92D599005D057D /* Semaphore */ = {
			isa = PBXGroup;
			children = (
				0549BE9E1E92D599005D057D /* Guard.cpp */,
			);
			path = Semaphore;
			sourceTree = "<group>";
		};
		055F181A1D99779D002B5491 /* Products */ = {
			isa = PBXGroup;
			children = (
				055F181F1D99779E002B5491 /* CPPTraits-Tests.xctest */,
			);
			name = Products;
			sourceTree = "<group>";
		};
		057E724E1E843949006B9999 /* Products */ = {
			isa = PBXGroup;
			children = (
				057E72541E843949006B9999 /* libCrashGuard.a */,
				057E72561E843949006B9999 /* Test */,
			);
			name = Products;
			sourceTree = "<group>";
		};
		057E72621E847D62006B9999 /* Test-Helper */ = {
			isa = PBXGroup;
			children = (
				057E72631E847D62006B9999 /* main.cpp */,
			);
			path = "Test-Helper";
			sourceTree = "<group>";
		};
		057E726C1E847F1B006B9999 /* Frameworks */ = {
			isa = PBXGroup;
			children = (
				050B83F01EB91B830090EA12 /* libc++.tbd */,
				057E726D1E847F1B006B9999 /* CoreFoundation.framework */,
			);
			name = Frameworks;
			sourceTree = "<group>";
		};
		05A6C6801C18ADC1002C6A44 /* CPPAtomic */ = {
			isa = PBXGroup;
			children = (
				05A6C6811C18ADC1002C6A44 /* include */,
				05EC8A561E81E8A9007233F2 /* source */,
			);
			path = CPPAtomic;
			sourceTree = "<group>";
		};
		05A6C6811C18ADC1002C6A44 /* include */ = {
			isa = PBXGroup;
			children = (
				05A6C6821C18ADC1002C6A44 /* XS */,
			);
			path = include;
			sourceTree = "<group>";
		};
		05A6C6821C18ADC1002C6A44 /* XS */ = {
			isa = PBXGroup;
			children = (
				05EC8A591E81E8DD007233F2 /* Atomic-Functions.hpp */,
				05A6C6891C18AEDD002C6A44 /* Atomic.hpp */,
				05D17E7E1E8295000009AF6E /* IPC */,
				057CD63F1E81F37100A80970 /* RWLock.hpp */,
			);
			path = XS;
			sourceTree = "<group>";
		};
		05BD89491A13FF4700A43CD8 = {
			isa = PBXGroup;
			children = (
				05110D051C1F121C00EE6851 /* README.md */,
				055F18191D99779D002B5491 /* CPPTraits.xcodeproj */,
				057E724D1E843949006B9999 /* CrashGuard.xcodeproj */,
				0544CC922276F8A8004A2499 /* XSTest.xcodeproj */,
				05DBA1DF201E481800638A44 /* xcconfig */,
				05A6C6801C18ADC1002C6A44 /* CPPAtomic */,
				057E72621E847D62006B9999 /* Test-Helper */,
				053BEDA51B8EFCB6007D82A4 /* Unit-Tests */,
				053BEDE51B90ABB2007D82A4 /* Scripts */,
				057E726C1E847F1B006B9999 /* Frameworks */,
				05110D041C1F121C00EE6851 /* LICENSE */,
				05BD89531A13FF4700A43CD8 /* Products */,
			);
			sourceTree = "<group>";
		};
		05BD89531A13FF4700A43CD8 /* Products */ = {
			isa = PBXGroup;
			children = (
				053BEDAC1B8EFDC1007D82A4 /* CPPAtomic-Tests.xctest */,
				05EC8A471E81E854007233F2 /* libCPPAtomic.a */,
				057E72611E847D62006B9999 /* Test-Helper */,
			);
			name = Products;
			sourceTree = "<group>";
		};
		05D17E7B1E8294F20009AF6E /* IPC */ = {
			isa = PBXGroup;
			children = (
				0549BE991E92D165005D057D /* RWLock.cpp */,
				0549BE9D1E92D599005D057D /* Semaphore */,
				05D17E7C1E8294F20009AF6E /* Semaphore.cpp */,
				05EF37AA1E83226D00684946 /* SharedMemory.cpp */,
			);
			path = IPC;
			sourceTree = "<group>";
		};
		05D17E7E1E8295000009AF6E /* IPC */ = {
			isa = PBXGroup;
			children = (
				0549BE931E92D136005D057D /* RWLock.hpp */,
				05D17E7F1E8295000009AF6E /* Semaphore.hpp */,
				05EF37A91E83221E00684946 /* SharedMemory.hpp */,
			);
			path = IPC;
			sourceTree = "<group>";
		};
		05DBA1DF201E481800638A44 /* xcconfig */ = {
			isa = PBXGroup;
			children = (
				05DBA1E0201E481800638A44 /* Release - ccache.xcconfig */,
				05DBA1E1201E481800638A44 /* Common.xcconfig */,
				05DBA1E2201E481800638A44 /* Debug - ccache.xcconfig */,
				05DBA1E3201E481800638A44 /* Debug.xcconfig */,
				05DBA1E4201E481800638A44 /* Release.xcconfig */,
				05DBA1E5201E481800638A44 /* README.md */,
				05DBA1E6201E481800638A44 /* Common */,
				05DBA20D201E481800638A44 /* .gitignore */,
				05DBA20E201E481800638A44 /* Scripts */,
			);
			name = xcconfig;
			path = Submodules/xcconfig;
			sourceTree = "<group>";
		};
		05DBA1E6201E481800638A44 /* Common */ = {
			isa = PBXGroup;
			children = (
				05DBA1E7201E481800638A44 /* Signing.xcconfig */,
				05DBA1E8201E481800638A44 /* Architectures.xcconfig */,
				05DBA1E9201E481800638A44 /* Static-Analyzer */,
				05DBA1F1201E481800638A44 /* Deployment.xcconfig */,
				05DBA1F2201E481800638A44 /* Build-Options.xcconfig */,
				05DBA1F3201E481800638A44 /* Swift-Compiler.xcconfig */,
				05DBA1F4201E481800638A44 /* Static-Analyzer.xcconfig */,
				05DBA1F5201E481800638A44 /* Swift-Compiler */,
				05DBA1FA201E481800638A44 /* Search-Paths.xcconfig */,
				05DBA1FB201E481800638A44 /* Apple-LLVM.xcconfig */,
				05DBA1FC201E481800638A44 /* Apple-LLVM */,
			);
			path = Common;
			sourceTree = "<group>";
		};
		05DBA1E9201E481800638A44 /* Static-Analyzer */ = {
			isa = PBXGroup;
			children = (
				05DBA1EA201E481800638A44 /* Issues.xcconfig */,
				05DBA1EB201E481800638A44 /* Issues */,
			);
			path = "Static-Analyzer";
			sourceTree = "<group>";
		};
		05DBA1EB201E481800638A44 /* Issues */ = {
			isa = PBXGroup;
			children = (
				05DBA1EC201E481800638A44 /* Apple-APIs.xcconfig */,
				05DBA1ED201E481800638A44 /* Generic-Issues.xcconfig */,
				05DBA1EE201E481800638A44 /* Security.xcconfig */,
				05DBA1EF201E481800638A44 /* Objective-C.xcconfig */,
				05DBA1F0201E481800638A44 /* Analysis-Policy.xcconfig */,
			);
			path = Issues;
			sourceTree = "<group>";
		};
		05DBA1F5201E481800638A44 /* Swift-Compiler */ = {
			isa = PBXGroup;
			children = (
				05DBA1F6201E481800638A44 /* Warnings-Policies.xcconfig */,
				05DBA1F7201E481800638A44 /* Code-Generation.xcconfig */,
				05DBA1F8201E481800638A44 /* Language.xcconfig */,
				05DBA1F9201E481800638A44 /* General.xcconfig */,
			);
			path = "Swift-Compiler";
			sourceTree = "<group>";
		};
		05DBA1FC201E481800638A44 /* Apple-LLVM */ = {
			isa = PBXGroup;
			children = (
				05DBA1FD201E481800638A44 /* Language */,
				05DBA201201E481800638A44 /* Code-Generation.xcconfig */,
				05DBA202201E481800638A44 /* Address-Sanitizer.xcconfig */,
				05DBA203201E481800638A44 /* Language.xcconfig */,
				05DBA204201E481800638A44 /* Warnings.xcconfig */,
				05DBA205201E481800638A44 /* Undefined-Behavior-Sanitizer.xcconfig */,
				05DBA206201E481800638A44 /* Warning-Policies.xcconfig */,
				05DBA207201E481800638A44 /* Warnings */,
				05DBA20C201E481800638A44 /* Preprocessing.xcconfig */,
			);
			path = "Apple-LLVM";
			sourceTree = "<group>";
		};
		05DBA1FD201E481800638A44 /* Language */ = {
			isa = PBXGroup;
			children = (
				05DBA1FE201E481800638A44 /* Modules.xcconfig */,
				05DBA1FF201E481800638A44 /* Objective-C.xcconfig */,
				05DBA200201E481800638A44 /* C++.xcconfig */,
			);
			path = Language;
			sourceTree = "<group>";
		};
		05DBA207201E481800638A44 /* Warnings */ = {
			isa = PBXGroup;
			children = (
				05DBA208201E481800638A44 /* Objective-C-ARC.xcconfig */,
				05DBA209201E481800638A44 /* Objective-C.xcconfig */,
				05DBA20A201E481800638A44 /* C++.xcconfig */,
				05DBA20B201E481800638A44 /* All-Languages.xcconfig */,
			);
			path = Warnings;
			sourceTree = "<group>";
		};
		05DBA20E201E481800638A44 /* Scripts */ = {
			isa = PBXGroup;
			children = (
				05DBA20F201E481800638A44 /* ccache-config.sh */,
				05DBA210201E481800638A44 /* ccache.sh */,
			);
			path = Scripts;
			sourceTree = "<group>";
		};
		05EC8A561E81E8A9007233F2 /* source */ = {
			isa = PBXGroup;
			children = (
				05F58B151E81EB76000D50A0 /* Atomic-Functions */,
				05D17E7B1E8294F20009AF6E /* IPC */,
				057CD6391E81F36600A80970 /* RWLock.cpp */,
			);
			path = source;
			sourceTree = "<group>";
		};
		05F58B151E81EB76000D50A0 /* Atomic-Functions */ = {
			isa = PBXGroup;
			children = (
				05F58B161E81EB9D000D50A0 /* AtomicAdd32.cpp */,
				05F58B171E81EB9D000D50A0 /* AtomicAdd64.cpp */,
				05F58B181E81EB9D000D50A0 /* AtomicCompareAndSwap32.cpp */,
				05F58B191E81EB9D000D50A0 /* AtomicCompareAndSwap64.cpp */,
				05F58B1A1E81EB9D000D50A0 /* AtomicCompareAndSwapPointer.cpp */,
				05F58B1B1E81EB9D000D50A0 /* AtomicDecrement32.cpp */,
				05F58B1C1E81EB9D000D50A0 /* AtomicDecrement64.cpp */,
				05F58B1D1E81EB9D000D50A0 /* AtomicIncrement32.cpp */,
				05F58B1E1E81EB9D000D50A0 /* AtomicIncrement64.cpp */,
				05F58B1F1E81EB9D000D50A0 /* MemoryBarrier.cpp */,
			);
			path = "Atomic-Functions";
			sourceTree = "<group>";
		};
/* End PBXGroup section */

/* Begin PBXHeadersBuildPhase section */
		05EC8A451E81E854007233F2 /* Headers */ = {
			isa = PBXHeadersBuildPhase;
			buildActionMask = 2147483647;
			files = (
			);
			runOnlyForDeploymentPostprocessing = 0;
		};
/* End PBXHeadersBuildPhase section */

/* Begin PBXNativeTarget section */
		053BEDAB1B8EFDC1007D82A4 /* CPPAtomic-Tests */ = {
			isa = PBXNativeTarget;
			buildConfigurationList = 053BEDB11B8EFDC1007D82A4 /* Build configuration list for PBXNativeTarget "CPPAtomic-Tests" */;
			buildPhases = (
				053BEDA81B8EFDC1007D82A4 /* Sources */,
				053BEDA91B8EFDC1007D82A4 /* Frameworks */,
				057E726A1E847DA6006B9999 /* CopyFiles */,
				053BEDAA1B8EFDC1007D82A4 /* Resources */,
				053BEDF51B90AC06007D82A4 /* ShellScript */,
			);
			buildRules = (
			);
			dependencies = (
				0544CC992276F8B7004A2499 /* PBXTargetDependency */,
				057E72691E847DA1006B9999 /* PBXTargetDependency */,
				05EC8A5B1E81E941007233F2 /* PBXTargetDependency */,
			);
			name = "CPPAtomic-Tests";
			productName = "PIMPL-Tests";
			productReference = 053BEDAC1B8EFDC1007D82A4 /* CPPAtomic-Tests.xctest */;
			productType = "com.apple.product-type.bundle.unit-test";
		};
		057E72601E847D62006B9999 /* Test-Helper */ = {
			isa = PBXNativeTarget;
			buildConfigurationList = 057E72651E847D62006B9999 /* Build configuration list for PBXNativeTarget "Test-Helper" */;
			buildPhases = (
				057E725D1E847D62006B9999 /* Sources */,
				057E725E1E847D62006B9999 /* Frameworks */,
				057E725F1E847D62006B9999 /* CopyFiles */,
			);
			buildRules = (
			);
			dependencies = (
			);
			name = "Test-Helper";
			productName = "Test-Helper";
			productReference = 057E72611E847D62006B9999 /* Test-Helper */;
			productType = "com.apple.product-type.tool";
		};
		05EC8A461E81E854007233F2 /* CPPAtomic */ = {
			isa = PBXNativeTarget;
			buildConfigurationList = 05EC8A551E81E854007233F2 /* Build configuration list for PBXNativeTarget "CPPAtomic" */;
			buildPhases = (
				05EC8A431E81E854007233F2 /* Sources */,
				05EC8A441E81E854007233F2 /* Frameworks */,
				05EC8A451E81E854007233F2 /* Headers */,
				0563BB3D1E85601D007CB6AB /* ShellScript */,
			);
			buildRules = (
			);
			dependencies = (
				057E725B1E84395B006B9999 /* PBXTargetDependency */,
			);
			name = CPPAtomic;
			productName = CPPAtomic;
			productReference = 05EC8A471E81E854007233F2 /* libCPPAtomic.a */;
			productType = "com.apple.product-type.library.static";
		};
/* End PBXNativeTarget section */

/* Begin PBXProject section */
		05BD894A1A13FF4700A43CD8 /* Project object */ = {
			isa = PBXProject;
			attributes = {
				LastUpgradeCheck = 1200;
				ORGANIZATIONNAME = "XS-Labs";
				TargetAttributes = {
					053BEDAB1B8EFDC1007D82A4 = {
						CreatedOnToolsVersion = 7.0;
						DevelopmentTeam = 326Y53CJMD;
						ProvisioningStyle = Automatic;
					};
					057E72601E847D62006B9999 = {
						CreatedOnToolsVersion = 8.3;
						DevelopmentTeam = 326Y53CJMD;
						ProvisioningStyle = Automatic;
					};
					05EC8A461E81E854007233F2 = {
						CreatedOnToolsVersion = 8.2.1;
						DevelopmentTeam = 326Y53CJMD;
						ProvisioningStyle = Automatic;
					};
				};
			};
			buildConfigurationList = 05BD894D1A13FF4700A43CD8 /* Build configuration list for PBXProject "CPPAtomic" */;
			compatibilityVersion = "Xcode 3.2";
			developmentRegion = en;
			hasScannedForEncodings = 0;
			knownRegions = (
				en,
				Base,
			);
			mainGroup = 05BD89491A13FF4700A43CD8;
			productRefGroup = 05BD89531A13FF4700A43CD8 /* Products */;
			projectDirPath = "";
			projectReferences = (
				{
					ProductGroup = 055F181A1D99779D002B5491 /* Products */;
					ProjectRef = 055F18191D99779D002B5491 /* CPPTraits.xcodeproj */;
				},
				{
					ProductGroup = 057E724E1E843949006B9999 /* Products */;
					ProjectRef = 057E724D1E843949006B9999 /* CrashGuard.xcodeproj */;
				},
				{
					ProductGroup = 0544CC932276F8A8004A2499 /* Products */;
					ProjectRef = 0544CC922276F8A8004A2499 /* XSTest.xcodeproj */;
				},
			);
			projectRoot = "";
			targets = (
				05EC8A461E81E854007233F2 /* CPPAtomic */,
				053BEDAB1B8EFDC1007D82A4 /* CPPAtomic-Tests */,
				057E72601E847D62006B9999 /* Test-Helper */,
			);
		};
/* End PBXProject section */

/* Begin PBXReferenceProxy section */
		0544CC972276F8A8004A2499 /* XSTest.framework */ = {
			isa = PBXReferenceProxy;
			fileType = wrapper.framework;
			path = XSTest.framework;
			remoteRef = 0544CC962276F8A8004A2499 /* PBXContainerItemProxy */;
			sourceTree = BUILT_PRODUCTS_DIR;
		};
		055F181F1D99779E002B5491 /* CPPTraits-Tests.xctest */ = {
			isa = PBXReferenceProxy;
			fileType = wrapper.cfbundle;
			path = "CPPTraits-Tests.xctest";
			remoteRef = 055F181E1D99779E002B5491 /* PBXContainerItemProxy */;
			sourceTree = BUILT_PRODUCTS_DIR;
		};
		057E72541E843949006B9999 /* libCrashGuard.a */ = {
			isa = PBXReferenceProxy;
			fileType = archive.ar;
			path = libCrashGuard.a;
			remoteRef = 057E72531E843949006B9999 /* PBXContainerItemProxy */;
			sourceTree = BUILT_PRODUCTS_DIR;
		};
		057E72561E843949006B9999 /* Test */ = {
			isa = PBXReferenceProxy;
			fileType = "compiled.mach-o.executable";
			path = Test;
			remoteRef = 057E72551E843949006B9999 /* PBXContainerItemProxy */;
			sourceTree = BUILT_PRODUCTS_DIR;
		};
/* End PBXReferenceProxy section */

/* Begin PBXResourcesBuildPhase section */
		053BEDAA1B8EFDC1007D82A4 /* Resources */ = {
			isa = PBXResourcesBuildPhase;
			buildActionMask = 2147483647;
			files = (
			);
			runOnlyForDeploymentPostprocessing = 0;
		};
/* End PBXResourcesBuildPhase section */

/* Begin PBXShellScriptBuildPhase section */
		053BEDF51B90AC06007D82A4 /* ShellScript */ = {
			isa = PBXShellScriptBuildPhase;
			buildActionMask = 2147483647;
			files = (
			);
			inputPaths = (
			);
			outputPaths = (
			);
			runOnlyForDeploymentPostprocessing = 0;
			shellPath = /bin/sh;
			shellScript = "export | egrep '(BUILT_PRODUCTS_DIR)|(CURRENT_ARCH)|(OBJECT_FILE_DIR_normal)|(SRCROOT)|(OBJROOT)' > Scripts/xcenv-tests.sh";
		};
		0563BB3D1E85601D007CB6AB /* ShellScript */ = {
			isa = PBXShellScriptBuildPhase;
			buildActionMask = 2147483647;
			files = (
			);
			inputPaths = (
			);
			outputPaths = (
			);
			runOnlyForDeploymentPostprocessing = 0;
			shellPath = /bin/sh;
			shellScript = "export | egrep '(BUILT_PRODUCTS_DIR)|(CURRENT_ARCH)|(OBJECT_FILE_DIR_normal)|(SRCROOT)|(OBJROOT)' > Scripts/xcenv-lib.sh\n";
		};
/* End PBXShellScriptBuildPhase section */

/* Begin PBXSourcesBuildPhase section */
		053BEDA81B8EFDC1007D82A4 /* Sources */ = {
			isa = PBXSourcesBuildPhase;
			buildActionMask = 2147483647;
			files = (
				051F9C7D1C19C3EE005D471A /* XS-Atomic-Non-Trivial.cpp in Sources */,
				051F9C7E1C19C3EE005D471A /* XS-Atomic-Trivial-Bool.cpp in Sources */,
				05CDB0391E81F85000DD9BB2 /* XS-IPC-Semaphore.cpp in Sources */,
				0549BE9C1E92D228005D057D /* XS-IPC-RWLock.cpp in Sources */,
				05CFA84A1E8AF8E3009AFA13 /* XS-RWLock.cpp in Sources */,
				05FCF6E71E83073800D98BFC /* XS-Atomic-Static.cpp in Sources */,
				051F9C7F1C19C3EE005D471A /* XS-Atomic-Trivial-Double.cpp in Sources */,
				05F58B2B1E81EDC3000D50A0 /* XS-Atomic-Functions.cpp in Sources */,
				051F9C811C19C3EE005D471A /* XS-Atomic-Trivial-Pointer.cpp in Sources */,
				051F9C801C19C3EE005D471A /* XS-Atomic-Trivial-Integral.cpp in Sources */,
				05A76A1C1E85AD780086C883 /* XS-IPC-TestBase.cpp in Sources */,
				051F9C821C19C3EE005D471A /* XS-Atomic-Trivial-Struct.cpp in Sources */,
				051F9C851C19ECB4005D471A /* XS-Atomic-Trivial-Bitwise.cpp in Sources */,
				0535F8E71E92DF02001CE2FB /* XS-IPC-Semaphore-Guard.cpp in Sources */,
				055ABC201E833D0B00CBE8A3 /* XS-IPC-SharedMemory.cpp in Sources */,
			);
			runOnlyForDeploymentPostprocessing = 0;
		};
		057E725D1E847D62006B9999 /* Sources */ = {
			isa = PBXSourcesBuildPhase;
			buildActionMask = 2147483647;
			files = (
				057E72641E847D62006B9999 /* main.cpp in Sources */,
			);
			runOnlyForDeploymentPostprocessing = 0;
		};
		05EC8A431E81E854007233F2 /* Sources */ = {
			isa = PBXSourcesBuildPhase;
			buildActionMask = 2147483647;
			files = (
				05F58B241E81EB9D000D50A0 /* AtomicCompareAndSwapPointer.cpp in Sources */,
				05EF37AB1E83226D00684946 /* SharedMemory.cpp in Sources */,
				05F58B231E81EB9D000D50A0 /* AtomicCompareAndSwap64.cpp in Sources */,
				0549BE9A1E92D165005D057D /* RWLock.cpp in Sources */,
				05F58B271E81EB9D000D50A0 /* AtomicIncrement32.cpp in Sources */,
				05F58B261E81EB9D000D50A0 /* AtomicDecrement64.cpp in Sources */,
				05F58B291E81EB9D000D50A0 /* MemoryBarrier.cpp in Sources */,
				0549BE9F1E92D599005D057D /* Guard.cpp in Sources */,
				05F58B201E81EB9D000D50A0 /* AtomicAdd32.cpp in Sources */,
				05D17E7D1E8294F20009AF6E /* Semaphore.cpp in Sources */,
				05F58B211E81EB9D000D50A0 /* AtomicAdd64.cpp in Sources */,
				05F58B251E81EB9D000D50A0 /* AtomicDecrement32.cpp in Sources */,
				057CD63A1E81F36600A80970 /* RWLock.cpp in Sources */,
				05F58B221E81EB9D000D50A0 /* AtomicCompareAndSwap32.cpp in Sources */,
				05F58B281E81EB9D000D50A0 /* AtomicIncrement64.cpp in Sources */,
			);
			runOnlyForDeploymentPostprocessing = 0;
		};
/* End PBXSourcesBuildPhase section */

/* Begin PBXTargetDependency section */
		0544CC992276F8B7004A2499 /* PBXTargetDependency */ = {
			isa = PBXTargetDependency;
			name = XSTest;
			targetProxy = 0544CC982276F8B7004A2499 /* PBXContainerItemProxy */;
		};
		057E725B1E84395B006B9999 /* PBXTargetDependency */ = {
			isa = PBXTargetDependency;
			name = CrashGuard;
			targetProxy = 057E725A1E84395B006B9999 /* PBXContainerItemProxy */;
		};
		057E72691E847DA1006B9999 /* PBXTargetDependency */ = {
			isa = PBXTargetDependency;
			target = 057E72601E847D62006B9999 /* Test-Helper */;
			targetProxy = 057E72681E847DA1006B9999 /* PBXContainerItemProxy */;
		};
		05EC8A5B1E81E941007233F2 /* PBXTargetDependency */ = {
			isa = PBXTargetDependency;
			target = 05EC8A461E81E854007233F2 /* CPPAtomic */;
			targetProxy = 05EC8A5A1E81E941007233F2 /* PBXContainerItemProxy */;
		};
/* End PBXTargetDependency section */

/* Begin XCBuildConfiguration section */
		053BEDB21B8EFDC1007D82A4 /* Debug */ = {
			isa = XCBuildConfiguration;
			buildSettings = {
				INFOPLIST_FILE = "Unit-Tests/Info.plist";
				LD_RUNPATH_SEARCH_PATHS = "$(inherited) @executable_path/../Frameworks @loader_path/../Frameworks";
				PRODUCT_BUNDLE_IDENTIFIER = "com.xs-labs.CPPAtomic-Tests";
				PRODUCT_NAME = "CPPAtomic-Tests";
			};
			name = Debug;
		};
		053BEDB31B8EFDC1007D82A4 /* Release */ = {
			isa = XCBuildConfiguration;
			buildSettings = {
				INFOPLIST_FILE = "Unit-Tests/Info.plist";
				LD_RUNPATH_SEARCH_PATHS = "$(inherited) @executable_path/../Frameworks @loader_path/../Frameworks";
				PRODUCT_BUNDLE_IDENTIFIER = "com.xs-labs.CPPAtomic-Tests";
				PRODUCT_NAME = "CPPAtomic-Tests";
			};
			name = Release;
		};
		057E72661E847D62006B9999 /* Debug */ = {
			isa = XCBuildConfiguration;
			buildSettings = {
				PRODUCT_NAME = "$(TARGET_NAME)";
				RUN_CLANG_STATIC_ANALYZER = NO;
			};
			name = Debug;
		};
		057E72671E847D62006B9999 /* Release */ = {
			isa = XCBuildConfiguration;
			buildSettings = {
				PRODUCT_NAME = "$(TARGET_NAME)";
				RUN_CLANG_STATIC_ANALYZER = NO;
			};
			name = Release;
		};
		05BD89571A13FF4700A43CD8 /* Debug */ = {
			isa = XCBuildConfiguration;
			baseConfigurationReference = 05DBA1E2201E481800638A44 /* Debug - ccache.xcconfig */;
			buildSettings = {
				HEADER_SEARCH_PATHS = (
					CPPAtomic/include/,
					Submodules/CPPTraits/CPPTraits/include,
					Submodules/PIMPL/PIMPL/include,
					Submodules/CrashGuard/CrashGuard/include,
				);
			};
			name = Debug;
		};
		05BD89581A13FF4700A43CD8 /* Release */ = {
			isa = XCBuildConfiguration;
			baseConfigurationReference = 05DBA1E0201E481800638A44 /* Release - ccache.xcconfig */;
			buildSettings = {
				HEADER_SEARCH_PATHS = (
					CPPAtomic/include/,
					Submodules/CPPTraits/CPPTraits/include,
					Submodules/PIMPL/PIMPL/include,
					Submodules/CrashGuard/CrashGuard/include,
				);
			};
			name = Release;
		};
		05EC8A4F1E81E854007233F2 /* Debug */ = {
			isa = XCBuildConfiguration;
			buildSettings = {
				CLANG_ENABLE_CODE_COVERAGE = YES;
				CODE_SIGN_IDENTITY = "-";
				EXECUTABLE_PREFIX = lib;
				GCC_GENERATE_TEST_COVERAGE_FILES = YES;
				GCC_INSTRUMENT_PROGRAM_FLOW_ARCS = YES;
				MACOSX_DEPLOYMENT_TARGET = 10.8;
				PRODUCT_NAME = "$(TARGET_NAME)";
				SKIP_INSTALL = YES;
			};
			name = Debug;
		};
		05EC8A501E81E854007233F2 /* Release */ = {
			isa = XCBuildConfiguration;
			buildSettings = {
				CLANG_ENABLE_CODE_COVERAGE = YES;
				CODE_SIGN_IDENTITY = "-";
				EXECUTABLE_PREFIX = lib;
				GCC_GENERATE_TEST_COVERAGE_FILES = YES;
				GCC_INSTRUMENT_PROGRAM_FLOW_ARCS = YES;
				MACOSX_DEPLOYMENT_TARGET = 10.8;
				PRODUCT_NAME = "$(TARGET_NAME)";
				SKIP_INSTALL = YES;
			};
			name = Release;
		};
/* End XCBuildConfiguration section */

/* Begin XCConfigurationList section */
		053BEDB11B8EFDC1007D82A4 /* Build configuration list for PBXNativeTarget "CPPAtomic-Tests" */ = {
			isa = XCConfigurationList;
			buildConfigurations = (
				053BEDB21B8EFDC1007D82A4 /* Debug */,
				053BEDB31B8EFDC1007D82A4 /* Release */,
			);
			defaultConfigurationIsVisible = 0;
			defaultConfigurationName = Release;
		};
		057E72651E847D62006B9999 /* Build configuration list for PBXNativeTarget "Test-Helper" */ = {
			isa = XCConfigurationList;
			buildConfigurations = (
				057E72661E847D62006B9999 /* Debug */,
				057E72671E847D62006B9999 /* Release */,
			);
			defaultConfigurationIsVisible = 0;
			defaultConfigurationName = Release;
		};
		05BD894D1A13FF4700A43CD8 /* Build configuration list for PBXProject "CPPAtomic" */ = {
			isa = XCConfigurationList;
			buildConfigurations = (
				05BD89571A13FF4700A43CD8 /* Debug */,
				05BD89581A13FF4700A43CD8 /* Release */,
			);
			defaultConfigurationIsVisible = 0;
			defaultConfigurationName = Release;
		};
		05EC8A551E81E854007233F2 /* Build configuration list for PBXNativeTarget "CPPAtomic" */ = {
			isa = XCConfigurationList;
			buildConfigurations = (
				05EC8A4F1E81E854007233F2 /* Debug */,
				05EC8A501E81E854007233F2 /* Release */,
			);
			defaultConfigurationIsVisible = 0;
			defaultConfigurationName = Release;
		};
/* End XCConfigurationList section */
	};
	rootObject = 05BD894A1A13FF4700A43CD8 /* Project object */;
}
