// !$*UTF8*$!
{
	archiveVersion = 1;
	classes = {
	};
	objectVersion = 46;
	objects = {

/* Begin PBXBuildFile section */
		051F9C7D1C19C3EE005D471A /* XS-Atomic-Non-Trivial.cpp in Sources */ = {isa = PBXBuildFile; fileRef = 051F9C771C19C3EE005D471A /* XS-Atomic-Non-Trivial.cpp */; };
		051F9C7E1C19C3EE005D471A /* XS-Atomic-Trivial-Bool.cpp in Sources */ = {isa = PBXBuildFile; fileRef = 051F9C781C19C3EE005D471A /* XS-Atomic-Trivial-Bool.cpp */; };
		051F9C7F1C19C3EE005D471A /* XS-Atomic-Trivial-Double.cpp in Sources */ = {isa = PBXBuildFile; fileRef = 051F9C791C19C3EE005D471A /* XS-Atomic-Trivial-Double.cpp */; };
		051F9C801C19C3EE005D471A /* XS-Atomic-Trivial-Integral.cpp in Sources */ = {isa = PBXBuildFile; fileRef = 051F9C7A1C19C3EE005D471A /* XS-Atomic-Trivial-Integral.cpp */; };
		051F9C811C19C3EE005D471A /* XS-Atomic-Trivial-Pointer.cpp in Sources */ = {isa = PBXBuildFile; fileRef = 051F9C7B1C19C3EE005D471A /* XS-Atomic-Trivial-Pointer.cpp */; };
		051F9C821C19C3EE005D471A /* XS-Atomic-Trivial-Struct.cpp in Sources */ = {isa = PBXBuildFile; fileRef = 051F9C7C1C19C3EE005D471A /* XS-Atomic-Trivial-Struct.cpp */; };
		051F9C851C19ECB4005D471A /* XS-Atomic-Trivial-Bitwise.cpp in Sources */ = {isa = PBXBuildFile; fileRef = 051F9C841C19ECB4005D471A /* XS-Atomic-Trivial-Bitwise.cpp */; };
		053BEDC41B8EFDF3007D82A4 /* GoogleMock.framework in Frameworks */ = {isa = PBXBuildFile; fileRef = 053BEDBD1B8EFDE6007D82A4 /* GoogleMock.framework */; };
		053BEDEC1B90ABB2007D82A4 /* travis-after.sh in Resources */ = {isa = PBXBuildFile; fileRef = 053BEDE71B90ABB2007D82A4 /* travis-after.sh */; };
		053BEDED1B90ABB2007D82A4 /* travis-before.sh in Resources */ = {isa = PBXBuildFile; fileRef = 053BEDE81B90ABB2007D82A4 /* travis-before.sh */; };
		05EC8A5C1E81E945007233F2 /* libCPPAtomic.a in Frameworks */ = {isa = PBXBuildFile; fileRef = 05EC8A471E81E854007233F2 /* libCPPAtomic.a */; };
		05F58B201E81EB9D000D50A0 /* AtomicAdd32.cpp in Sources */ = {isa = PBXBuildFile; fileRef = 05F58B161E81EB9D000D50A0 /* AtomicAdd32.cpp */; };
		05F58B211E81EB9D000D50A0 /* AtomicAdd64.cpp in Sources */ = {isa = PBXBuildFile; fileRef = 05F58B171E81EB9D000D50A0 /* AtomicAdd64.cpp */; };
		05F58B221E81EB9D000D50A0 /* AtomicCompareAndSwap32.cpp in Sources */ = {isa = PBXBuildFile; fileRef = 05F58B181E81EB9D000D50A0 /* AtomicCompareAndSwap32.cpp */; };
		05F58B231E81EB9D000D50A0 /* AtomicCompareAndSwap64.cpp in Sources */ = {isa = PBXBuildFile; fileRef = 05F58B191E81EB9D000D50A0 /* AtomicCompareAndSwap64.cpp */; };
		05F58B241E81EB9D000D50A0 /* AtomicCompareAndSwapPointer.cpp in Sources */ = {isa = PBXBuildFile; fileRef = 05F58B1A1E81EB9D000D50A0 /* AtomicCompareAndSwapPointer.cpp */; };
		05F58B251E81EB9D000D50A0 /* AtomicDecrement32.cpp in Sources */ = {isa = PBXBuildFile; fileRef = 05F58B1B1E81EB9D000D50A0 /* AtomicDecrement32.cpp */; };
		05F58B261E81EB9D000D50A0 /* AtomicDecrement64.cpp in Sources */ = {isa = PBXBuildFile; fileRef = 05F58B1C1E81EB9D000D50A0 /* AtomicDecrement64.cpp */; };
		05F58B271E81EB9D000D50A0 /* AtomicIncrement32.cpp in Sources */ = {isa = PBXBuildFile; fileRef = 05F58B1D1E81EB9D000D50A0 /* AtomicIncrement32.cpp */; };
		05F58B281E81EB9D000D50A0 /* AtomicIncrement64.cpp in Sources */ = {isa = PBXBuildFile; fileRef = 05F58B1E1E81EB9D000D50A0 /* AtomicIncrement64.cpp */; };
		05F58B291E81EB9D000D50A0 /* MemoryBarrier.cpp in Sources */ = {isa = PBXBuildFile; fileRef = 05F58B1F1E81EB9D000D50A0 /* MemoryBarrier.cpp */; };
		05F58B2B1E81EDC3000D50A0 /* XS-Atomic-Functions.cpp in Sources */ = {isa = PBXBuildFile; fileRef = 05F58B2A1E81EDC3000D50A0 /* XS-Atomic-Functions.cpp */; };
/* End PBXBuildFile section */

/* Begin PBXContainerItemProxy section */
		053BEDBC1B8EFDE6007D82A4 /* PBXContainerItemProxy */ = {
			isa = PBXContainerItemProxy;
			containerPortal = 053BEDB51B8EFDE6007D82A4 /* GoogleMock.xcodeproj */;
			proxyType = 2;
			remoteGlobalIDString = 05818F861A685AEA0072A469;
			remoteInfo = GoogleMock;
		};
		053BEDBE1B8EFDE6007D82A4 /* PBXContainerItemProxy */ = {
			isa = PBXContainerItemProxy;
			containerPortal = 053BEDB51B8EFDE6007D82A4 /* GoogleMock.xcodeproj */;
			proxyType = 2;
			remoteGlobalIDString = 05E96ABD1A68600C00204102;
			remoteInfo = gmock;
		};
		053BEDC01B8EFDE6007D82A4 /* PBXContainerItemProxy */ = {
			isa = PBXContainerItemProxy;
			containerPortal = 053BEDB51B8EFDE6007D82A4 /* GoogleMock.xcodeproj */;
			proxyType = 2;
			remoteGlobalIDString = 05E96B1F1A68634900204102;
			remoteInfo = gtest;
		};
		053BEDC21B8EFDE6007D82A4 /* PBXContainerItemProxy */ = {
			isa = PBXContainerItemProxy;
			containerPortal = 053BEDB51B8EFDE6007D82A4 /* GoogleMock.xcodeproj */;
			proxyType = 2;
			remoteGlobalIDString = 05818F901A685AEA0072A469;
			remoteInfo = GoogleMockTests;
		};
		053BEDC51B8EFDF9007D82A4 /* PBXContainerItemProxy */ = {
			isa = PBXContainerItemProxy;
			containerPortal = 053BEDB51B8EFDE6007D82A4 /* GoogleMock.xcodeproj */;
			proxyType = 1;
			remoteGlobalIDString = 05818F851A685AEA0072A469;
			remoteInfo = GoogleMock;
		};
		055F181E1D99779E002B5491 /* PBXContainerItemProxy */ = {
			isa = PBXContainerItemProxy;
			containerPortal = 055F18191D99779D002B5491 /* CPPTraits.xcodeproj */;
			proxyType = 2;
			remoteGlobalIDString = 053BEDAC1B8EFDC1007D82A4;
			remoteInfo = "CPPTraits-Tests";
		};
		05EC8A5A1E81E941007233F2 /* PBXContainerItemProxy */ = {
			isa = PBXContainerItemProxy;
			containerPortal = 05BD894A1A13FF4700A43CD8 /* Project object */;
			proxyType = 1;
			remoteGlobalIDString = 05EC8A461E81E854007233F2;
			remoteInfo = CPPAtomic;
		};
/* End PBXContainerItemProxy section */

/* Begin PBXFileReference section */
		05110D041C1F121C00EE6851 /* LICENSE */ = {isa = PBXFileReference; fileEncoding = 4; lastKnownFileType = text; path = LICENSE; sourceTree = "<group>"; };
		05110D051C1F121C00EE6851 /* README.md */ = {isa = PBXFileReference; fileEncoding = 4; lastKnownFileType = net.daringfireball.markdown; path = README.md; sourceTree = "<group>"; };
		051F9C771C19C3EE005D471A /* XS-Atomic-Non-Trivial.cpp */ = {isa = PBXFileReference; fileEncoding = 4; lastKnownFileType = sourcecode.cpp.cpp; path = "XS-Atomic-Non-Trivial.cpp"; sourceTree = "<group>"; };
		051F9C781C19C3EE005D471A /* XS-Atomic-Trivial-Bool.cpp */ = {isa = PBXFileReference; fileEncoding = 4; lastKnownFileType = sourcecode.cpp.cpp; path = "XS-Atomic-Trivial-Bool.cpp"; sourceTree = "<group>"; };
		051F9C791C19C3EE005D471A /* XS-Atomic-Trivial-Double.cpp */ = {isa = PBXFileReference; fileEncoding = 4; lastKnownFileType = sourcecode.cpp.cpp; path = "XS-Atomic-Trivial-Double.cpp"; sourceTree = "<group>"; };
		051F9C7A1C19C3EE005D471A /* XS-Atomic-Trivial-Integral.cpp */ = {isa = PBXFileReference; fileEncoding = 4; lastKnownFileType = sourcecode.cpp.cpp; path = "XS-Atomic-Trivial-Integral.cpp"; sourceTree = "<group>"; };
		051F9C7B1C19C3EE005D471A /* XS-Atomic-Trivial-Pointer.cpp */ = {isa = PBXFileReference; fileEncoding = 4; lastKnownFileType = sourcecode.cpp.cpp; path = "XS-Atomic-Trivial-Pointer.cpp"; sourceTree = "<group>"; };
		051F9C7C1C19C3EE005D471A /* XS-Atomic-Trivial-Struct.cpp */ = {isa = PBXFileReference; fileEncoding = 4; lastKnownFileType = sourcecode.cpp.cpp; path = "XS-Atomic-Trivial-Struct.cpp"; sourceTree = "<group>"; };
		051F9C841C19ECB4005D471A /* XS-Atomic-Trivial-Bitwise.cpp */ = {isa = PBXFileReference; fileEncoding = 4; lastKnownFileType = sourcecode.cpp.cpp; path = "XS-Atomic-Trivial-Bitwise.cpp"; sourceTree = "<group>"; };
		053BEDAC1B8EFDC1007D82A4 /* CPPAtomic-Tests.xctest */ = {isa = PBXFileReference; explicitFileType = wrapper.cfbundle; includeInIndex = 0; path = "CPPAtomic-Tests.xctest"; sourceTree = BUILT_PRODUCTS_DIR; };
		053BEDB51B8EFDE6007D82A4 /* GoogleMock.xcodeproj */ = {isa = PBXFileReference; lastKnownFileType = "wrapper.pb-project"; name = GoogleMock.xcodeproj; path = "Submodules/gmock-xcode/GoogleMock.xcodeproj"; sourceTree = "<group>"; };
		053BEDC71B8EFE1E007D82A4 /* Info.plist */ = {isa = PBXFileReference; fileEncoding = 4; lastKnownFileType = text.plist.xml; path = Info.plist; sourceTree = "<group>"; };
		053BEDE71B90ABB2007D82A4 /* travis-after.sh */ = {isa = PBXFileReference; fileEncoding = 4; lastKnownFileType = text.script.sh; path = "travis-after.sh"; sourceTree = "<group>"; };
		053BEDE81B90ABB2007D82A4 /* travis-before.sh */ = {isa = PBXFileReference; fileEncoding = 4; lastKnownFileType = text.script.sh; path = "travis-before.sh"; sourceTree = "<group>"; };
		053BEDF91B90B37E007D82A4 /* Prefix.pch */ = {isa = PBXFileReference; lastKnownFileType = sourcecode.c.h; path = Prefix.pch; sourceTree = "<group>"; };
		055F18191D99779D002B5491 /* CPPTraits.xcodeproj */ = {isa = PBXFileReference; lastKnownFileType = "wrapper.pb-project"; name = CPPTraits.xcodeproj; path = Submodules/CPPTraits/CPPTraits.xcodeproj; sourceTree = "<group>"; };
		05A6C6891C18AEDD002C6A44 /* Atomic.hpp */ = {isa = PBXFileReference; fileEncoding = 4; lastKnownFileType = sourcecode.cpp.h; path = Atomic.hpp; sourceTree = "<group>"; };
		05EC8A471E81E854007233F2 /* libCPPAtomic.a */ = {isa = PBXFileReference; explicitFileType = archive.ar; includeInIndex = 0; path = libCPPAtomic.a; sourceTree = BUILT_PRODUCTS_DIR; };
		05EC8A591E81E8DD007233F2 /* Atomic-Functions.hpp */ = {isa = PBXFileReference; lastKnownFileType = sourcecode.cpp.h; path = "Atomic-Functions.hpp"; sourceTree = "<group>"; };
		05F58B161E81EB9D000D50A0 /* AtomicAdd32.cpp */ = {isa = PBXFileReference; fileEncoding = 4; lastKnownFileType = sourcecode.cpp.cpp; path = AtomicAdd32.cpp; sourceTree = "<group>"; };
		05F58B171E81EB9D000D50A0 /* AtomicAdd64.cpp */ = {isa = PBXFileReference; fileEncoding = 4; lastKnownFileType = sourcecode.cpp.cpp; path = AtomicAdd64.cpp; sourceTree = "<group>"; };
		05F58B181E81EB9D000D50A0 /* AtomicCompareAndSwap32.cpp */ = {isa = PBXFileReference; fileEncoding = 4; lastKnownFileType = sourcecode.cpp.cpp; path = AtomicCompareAndSwap32.cpp; sourceTree = "<group>"; };
		05F58B191E81EB9D000D50A0 /* AtomicCompareAndSwap64.cpp */ = {isa = PBXFileReference; fileEncoding = 4; lastKnownFileType = sourcecode.cpp.cpp; path = AtomicCompareAndSwap64.cpp; sourceTree = "<group>"; };
		05F58B1A1E81EB9D000D50A0 /* AtomicCompareAndSwapPointer.cpp */ = {isa = PBXFileReference; fileEncoding = 4; lastKnownFileType = sourcecode.cpp.cpp; path = AtomicCompareAndSwapPointer.cpp; sourceTree = "<group>"; };
		05F58B1B1E81EB9D000D50A0 /* AtomicDecrement32.cpp */ = {isa = PBXFileReference; fileEncoding = 4; lastKnownFileType = sourcecode.cpp.cpp; path = AtomicDecrement32.cpp; sourceTree = "<group>"; };
		05F58B1C1E81EB9D000D50A0 /* AtomicDecrement64.cpp */ = {isa = PBXFileReference; fileEncoding = 4; lastKnownFileType = sourcecode.cpp.cpp; path = AtomicDecrement64.cpp; sourceTree = "<group>"; };
		05F58B1D1E81EB9D000D50A0 /* AtomicIncrement32.cpp */ = {isa = PBXFileReference; fileEncoding = 4; lastKnownFileType = sourcecode.cpp.cpp; path = AtomicIncrement32.cpp; sourceTree = "<group>"; };
		05F58B1E1E81EB9D000D50A0 /* AtomicIncrement64.cpp */ = {isa = PBXFileReference; fileEncoding = 4; lastKnownFileType = sourcecode.cpp.cpp; path = AtomicIncrement64.cpp; sourceTree = "<group>"; };
		05F58B1F1E81EB9D000D50A0 /* MemoryBarrier.cpp */ = {isa = PBXFileReference; fileEncoding = 4; lastKnownFileType = sourcecode.cpp.cpp; path = MemoryBarrier.cpp; sourceTree = "<group>"; };
		05F58B2A1E81EDC3000D50A0 /* XS-Atomic-Functions.cpp */ = {isa = PBXFileReference; fileEncoding = 4; lastKnownFileType = sourcecode.cpp.cpp; path = "XS-Atomic-Functions.cpp"; sourceTree = "<group>"; };
/* End PBXFileReference section */

/* Begin PBXFrameworksBuildPhase section */
		053BEDA91B8EFDC1007D82A4 /* Frameworks */ = {
			isa = PBXFrameworksBuildPhase;
			buildActionMask = 2147483647;
			files = (
				05EC8A5C1E81E945007233F2 /* libCPPAtomic.a in Frameworks */,
				053BEDC41B8EFDF3007D82A4 /* GoogleMock.framework in Frameworks */,
			);
			runOnlyForDeploymentPostprocessing = 0;
		};
		05EC8A441E81E854007233F2 /* Frameworks */ = {
			isa = PBXFrameworksBuildPhase;
			buildActionMask = 2147483647;
			files = (
			);
			runOnlyForDeploymentPostprocessing = 0;
		};
/* End PBXFrameworksBuildPhase section */

/* Begin PBXGroup section */
		053BEDA51B8EFCB6007D82A4 /* Unit-Tests */ = {
			isa = PBXGroup;
			children = (
				051F9C771C19C3EE005D471A /* XS-Atomic-Non-Trivial.cpp */,
				051F9C841C19ECB4005D471A /* XS-Atomic-Trivial-Bitwise.cpp */,
				051F9C781C19C3EE005D471A /* XS-Atomic-Trivial-Bool.cpp */,
				051F9C791C19C3EE005D471A /* XS-Atomic-Trivial-Double.cpp */,
				051F9C7A1C19C3EE005D471A /* XS-Atomic-Trivial-Integral.cpp */,
				051F9C7B1C19C3EE005D471A /* XS-Atomic-Trivial-Pointer.cpp */,
				051F9C7C1C19C3EE005D471A /* XS-Atomic-Trivial-Struct.cpp */,
				05F58B2A1E81EDC3000D50A0 /* XS-Atomic-Functions.cpp */,
				053BEDC71B8EFE1E007D82A4 /* Info.plist */,
				053BEDF91B90B37E007D82A4 /* Prefix.pch */,
			);
			path = "Unit-Tests";
			sourceTree = "<group>";
		};
		053BEDB61B8EFDE6007D82A4 /* Products */ = {
			isa = PBXGroup;
			children = (
				053BEDBD1B8EFDE6007D82A4 /* GoogleMock.framework */,
				053BEDBF1B8EFDE6007D82A4 /* gmock.framework */,
				053BEDC11B8EFDE6007D82A4 /* gtest.framework */,
				053BEDC31B8EFDE6007D82A4 /* GoogleMockTests.xctest */,
			);
			name = Products;
			sourceTree = "<group>";
		};
		053BEDE51B90ABB2007D82A4 /* Scripts */ = {
			isa = PBXGroup;
			children = (
				053BEDE71B90ABB2007D82A4 /* travis-after.sh */,
				053BEDE81B90ABB2007D82A4 /* travis-before.sh */,
			);
			path = Scripts;
			sourceTree = "<group>";
		};
		055F181A1D99779D002B5491 /* Products */ = {
			isa = PBXGroup;
			children = (
				055F181F1D99779E002B5491 /* CPPTraits-Tests.xctest */,
			);
			name = Products;
			sourceTree = "<group>";
		};
		05A6C6801C18ADC1002C6A44 /* CPPAtomic */ = {
			isa = PBXGroup;
			children = (
				05A6C6811C18ADC1002C6A44 /* include */,
				05EC8A561E81E8A9007233F2 /* source */,
			);
			path = CPPAtomic;
			sourceTree = "<group>";
		};
		05A6C6811C18ADC1002C6A44 /* include */ = {
			isa = PBXGroup;
			children = (
				05A6C6821C18ADC1002C6A44 /* XS */,
			);
			path = include;
			sourceTree = "<group>";
		};
		05A6C6821C18ADC1002C6A44 /* XS */ = {
			isa = PBXGroup;
			children = (
				05A6C6891C18AEDD002C6A44 /* Atomic.hpp */,
				05EC8A591E81E8DD007233F2 /* Atomic-Functions.hpp */,
			);
			path = XS;
			sourceTree = "<group>";
		};
		05BD89491A13FF4700A43CD8 = {
			isa = PBXGroup;
			children = (
				05110D041C1F121C00EE6851 /* LICENSE */,
				05110D051C1F121C00EE6851 /* README.md */,
				053BEDB51B8EFDE6007D82A4 /* GoogleMock.xcodeproj */,
				055F18191D99779D002B5491 /* CPPTraits.xcodeproj */,
				05A6C6801C18ADC1002C6A44 /* CPPAtomic */,
				053BEDA51B8EFCB6007D82A4 /* Unit-Tests */,
				053BEDE51B90ABB2007D82A4 /* Scripts */,
				05BD89531A13FF4700A43CD8 /* Products */,
			);
			sourceTree = "<group>";
		};
		05BD89531A13FF4700A43CD8 /* Products */ = {
			isa = PBXGroup;
			children = (
				053BEDAC1B8EFDC1007D82A4 /* CPPAtomic-Tests.xctest */,
				05EC8A471E81E854007233F2 /* libCPPAtomic.a */,
			);
			name = Products;
			sourceTree = "<group>";
		};
		05EC8A561E81E8A9007233F2 /* source */ = {
			isa = PBXGroup;
			children = (
				05F58B151E81EB76000D50A0 /* Atomic-Functions */,
			);
			path = source;
			sourceTree = "<group>";
		};
		05F58B151E81EB76000D50A0 /* Atomic-Functions */ = {
			isa = PBXGroup;
			children = (
				05F58B161E81EB9D000D50A0 /* AtomicAdd32.cpp */,
				05F58B171E81EB9D000D50A0 /* AtomicAdd64.cpp */,
				05F58B181E81EB9D000D50A0 /* AtomicCompareAndSwap32.cpp */,
				05F58B191E81EB9D000D50A0 /* AtomicCompareAndSwap64.cpp */,
				05F58B1A1E81EB9D000D50A0 /* AtomicCompareAndSwapPointer.cpp */,
				05F58B1B1E81EB9D000D50A0 /* AtomicDecrement32.cpp */,
				05F58B1C1E81EB9D000D50A0 /* AtomicDecrement64.cpp */,
				05F58B1D1E81EB9D000D50A0 /* AtomicIncrement32.cpp */,
				05F58B1E1E81EB9D000D50A0 /* AtomicIncrement64.cpp */,
				05F58B1F1E81EB9D000D50A0 /* MemoryBarrier.cpp */,
			);
			path = "Atomic-Functions";
			sourceTree = "<group>";
		};
/* End PBXGroup section */

/* Begin PBXHeadersBuildPhase section */
		05EC8A451E81E854007233F2 /* Headers */ = {
			isa = PBXHeadersBuildPhase;
			buildActionMask = 2147483647;
			files = (
			);
			runOnlyForDeploymentPostprocessing = 0;
		};
/* End PBXHeadersBuildPhase section */

/* Begin PBXNativeTarget section */
		053BEDAB1B8EFDC1007D82A4 /* CPPAtomic-Tests */ = {
			isa = PBXNativeTarget;
			buildConfigurationList = 053BEDB11B8EFDC1007D82A4 /* Build configuration list for PBXNativeTarget "CPPAtomic-Tests" */;
			buildPhases = (
				053BEDA81B8EFDC1007D82A4 /* Sources */,
				053BEDA91B8EFDC1007D82A4 /* Frameworks */,
				053BEDAA1B8EFDC1007D82A4 /* Resources */,
				053BEDF51B90AC06007D82A4 /* ShellScript */,
			);
			buildRules = (
			);
			dependencies = (
				05EC8A5B1E81E941007233F2 /* PBXTargetDependency */,
				053BEDC61B8EFDF9007D82A4 /* PBXTargetDependency */,
			);
			name = "CPPAtomic-Tests";
			productName = "PIMPL-Tests";
			productReference = 053BEDAC1B8EFDC1007D82A4 /* CPPAtomic-Tests.xctest */;
			productType = "com.apple.product-type.bundle.unit-test";
		};
		05EC8A461E81E854007233F2 /* CPPAtomic */ = {
			isa = PBXNativeTarget;
			buildConfigurationList = 05EC8A551E81E854007233F2 /* Build configuration list for PBXNativeTarget "CPPAtomic" */;
			buildPhases = (
				05EC8A431E81E854007233F2 /* Sources */,
				05EC8A441E81E854007233F2 /* Frameworks */,
				05EC8A451E81E854007233F2 /* Headers */,
			);
			buildRules = (
			);
			dependencies = (
			);
			name = CPPAtomic;
			productName = CPPAtomic;
			productReference = 05EC8A471E81E854007233F2 /* libCPPAtomic.a */;
			productType = "com.apple.product-type.library.static";
		};
/* End PBXNativeTarget section */

/* Begin PBXProject section */
		05BD894A1A13FF4700A43CD8 /* Project object */ = {
			isa = PBXProject;
			attributes = {
				LastUpgradeCheck = 0820;
				ORGANIZATIONNAME = "XS-Labs";
				TargetAttributes = {
					053BEDAB1B8EFDC1007D82A4 = {
						CreatedOnToolsVersion = 7.0;
					};
					05EC8A461E81E854007233F2 = {
						CreatedOnToolsVersion = 8.2.1;
						ProvisioningStyle = Automatic;
					};
				};
			};
			buildConfigurationList = 05BD894D1A13FF4700A43CD8 /* Build configuration list for PBXProject "CPPAtomic" */;
			compatibilityVersion = "Xcode 3.2";
			developmentRegion = English;
			hasScannedForEncodings = 0;
			knownRegions = (
				en,
			);
			mainGroup = 05BD89491A13FF4700A43CD8;
			productRefGroup = 05BD89531A13FF4700A43CD8 /* Products */;
			projectDirPath = "";
			projectReferences = (
				{
					ProductGroup = 055F181A1D99779D002B5491 /* Products */;
					ProjectRef = 055F18191D99779D002B5491 /* CPPTraits.xcodeproj */;
				},
				{
					ProductGroup = 053BEDB61B8EFDE6007D82A4 /* Products */;
					ProjectRef = 053BEDB51B8EFDE6007D82A4 /* GoogleMock.xcodeproj */;
				},
			);
			projectRoot = "";
			targets = (
				05EC8A461E81E854007233F2 /* CPPAtomic */,
				053BEDAB1B8EFDC1007D82A4 /* CPPAtomic-Tests */,
			);
		};
/* End PBXProject section */

/* Begin PBXReferenceProxy section */
		053BEDBD1B8EFDE6007D82A4 /* GoogleMock.framework */ = {
			isa = PBXReferenceProxy;
			fileType = wrapper.framework;
			path = GoogleMock.framework;
			remoteRef = 053BEDBC1B8EFDE6007D82A4 /* PBXContainerItemProxy */;
			sourceTree = BUILT_PRODUCTS_DIR;
		};
		053BEDBF1B8EFDE6007D82A4 /* gmock.framework */ = {
			isa = PBXReferenceProxy;
			fileType = wrapper.framework;
			path = gmock.framework;
			remoteRef = 053BEDBE1B8EFDE6007D82A4 /* PBXContainerItemProxy */;
			sourceTree = BUILT_PRODUCTS_DIR;
		};
		053BEDC11B8EFDE6007D82A4 /* gtest.framework */ = {
			isa = PBXReferenceProxy;
			fileType = wrapper.framework;
			path = gtest.framework;
			remoteRef = 053BEDC01B8EFDE6007D82A4 /* PBXContainerItemProxy */;
			sourceTree = BUILT_PRODUCTS_DIR;
		};
		053BEDC31B8EFDE6007D82A4 /* GoogleMockTests.xctest */ = {
			isa = PBXReferenceProxy;
			fileType = wrapper.cfbundle;
			path = GoogleMockTests.xctest;
			remoteRef = 053BEDC21B8EFDE6007D82A4 /* PBXContainerItemProxy */;
			sourceTree = BUILT_PRODUCTS_DIR;
		};
		055F181F1D99779E002B5491 /* CPPTraits-Tests.xctest */ = {
			isa = PBXReferenceProxy;
			fileType = wrapper.cfbundle;
			path = "CPPTraits-Tests.xctest";
			remoteRef = 055F181E1D99779E002B5491 /* PBXContainerItemProxy */;
			sourceTree = BUILT_PRODUCTS_DIR;
		};
/* End PBXReferenceProxy section */

/* Begin PBXResourcesBuildPhase section */
		053BEDAA1B8EFDC1007D82A4 /* Resources */ = {
			isa = PBXResourcesBuildPhase;
			buildActionMask = 2147483647;
			files = (
				053BEDEC1B90ABB2007D82A4 /* travis-after.sh in Resources */,
				053BEDED1B90ABB2007D82A4 /* travis-before.sh in Resources */,
			);
			runOnlyForDeploymentPostprocessing = 0;
		};
/* End PBXResourcesBuildPhase section */

/* Begin PBXShellScriptBuildPhase section */
		053BEDF51B90AC06007D82A4 /* ShellScript */ = {
			isa = PBXShellScriptBuildPhase;
			buildActionMask = 2147483647;
			files = (
			);
			inputPaths = (
			);
			outputPaths = (
			);
			runOnlyForDeploymentPostprocessing = 0;
			shellPath = /bin/sh;
			shellScript = "export | egrep '(BUILT_PRODUCTS_DIR)|(CURRENT_ARCH)|(OBJECT_FILE_DIR_normal)|(SRCROOT)|(OBJROOT)' > Scripts/xcenv-tests.sh";
		};
/* End PBXShellScriptBuildPhase section */

/* Begin PBXSourcesBuildPhase section */
		053BEDA81B8EFDC1007D82A4 /* Sources */ = {
			isa = PBXSourcesBuildPhase;
			buildActionMask = 2147483647;
			files = (
				051F9C7D1C19C3EE005D471A /* XS-Atomic-Non-Trivial.cpp in Sources */,
				051F9C7E1C19C3EE005D471A /* XS-Atomic-Trivial-Bool.cpp in Sources */,
				051F9C7F1C19C3EE005D471A /* XS-Atomic-Trivial-Double.cpp in Sources */,
				05F58B2B1E81EDC3000D50A0 /* XS-Atomic-Functions.cpp in Sources */,
				051F9C811C19C3EE005D471A /* XS-Atomic-Trivial-Pointer.cpp in Sources */,
				051F9C801C19C3EE005D471A /* XS-Atomic-Trivial-Integral.cpp in Sources */,
				051F9C821C19C3EE005D471A /* XS-Atomic-Trivial-Struct.cpp in Sources */,
				051F9C851C19ECB4005D471A /* XS-Atomic-Trivial-Bitwise.cpp in Sources */,
			);
			runOnlyForDeploymentPostprocessing = 0;
		};
		05EC8A431E81E854007233F2 /* Sources */ = {
			isa = PBXSourcesBuildPhase;
			buildActionMask = 2147483647;
			files = (
				05F58B241E81EB9D000D50A0 /* AtomicCompareAndSwapPointer.cpp in Sources */,
				05F58B231E81EB9D000D50A0 /* AtomicCompareAndSwap64.cpp in Sources */,
				05F58B271E81EB9D000D50A0 /* AtomicIncrement32.cpp in Sources */,
				05F58B261E81EB9D000D50A0 /* AtomicDecrement64.cpp in Sources */,
				05F58B291E81EB9D000D50A0 /* MemoryBarrier.cpp in Sources */,
				05F58B201E81EB9D000D50A0 /* AtomicAdd32.cpp in Sources */,
				05F58B211E81EB9D000D50A0 /* AtomicAdd64.cpp in Sources */,
				05F58B251E81EB9D000D50A0 /* AtomicDecrement32.cpp in Sources */,
				05F58B221E81EB9D000D50A0 /* AtomicCompareAndSwap32.cpp in Sources */,
				05F58B281E81EB9D000D50A0 /* AtomicIncrement64.cpp in Sources */,
			);
			runOnlyForDeploymentPostprocessing = 0;
		};
/* End PBXSourcesBuildPhase section */

/* Begin PBXTargetDependency section */
		053BEDC61B8EFDF9007D82A4 /* PBXTargetDependency */ = {
			isa = PBXTargetDependency;
			name = GoogleMock;
			targetProxy = 053BEDC51B8EFDF9007D82A4 /* PBXContainerItemProxy */;
		};
		05EC8A5B1E81E941007233F2 /* PBXTargetDependency */ = {
			isa = PBXTargetDependency;
			target = 05EC8A461E81E854007233F2 /* CPPAtomic */;
			targetProxy = 05EC8A5A1E81E941007233F2 /* PBXContainerItemProxy */;
		};
/* End PBXTargetDependency section */

/* Begin XCBuildConfiguration section */
		053BEDB21B8EFDC1007D82A4 /* Debug */ = {
			isa = XCBuildConfiguration;
			buildSettings = {
				CLANG_ENABLE_CODE_COVERAGE = YES;
				COMBINE_HIDPI_IMAGES = YES;
				GCC_GENERATE_TEST_COVERAGE_FILES = YES;
				GCC_INSTRUMENT_PROGRAM_FLOW_ARCS = YES;
				GCC_PRECOMPILE_PREFIX_HEADER = YES;
				GCC_PREFIX_HEADER = "Unit-Tests/Prefix.pch";
				INFOPLIST_FILE = "Unit-Tests/Info.plist";
				LD_RUNPATH_SEARCH_PATHS = "$(inherited) @executable_path/../Frameworks @loader_path/../Frameworks";
				PRODUCT_BUNDLE_IDENTIFIER = "com.xs-labs.CPPAtomic-Tests";
				PRODUCT_NAME = "CPPAtomic-Tests";
			};
			name = Debug;
		};
		053BEDB31B8EFDC1007D82A4 /* Release */ = {
			isa = XCBuildConfiguration;
			buildSettings = {
				CLANG_ENABLE_CODE_COVERAGE = YES;
				COMBINE_HIDPI_IMAGES = YES;
				GCC_GENERATE_TEST_COVERAGE_FILES = YES;
				GCC_INSTRUMENT_PROGRAM_FLOW_ARCS = YES;
				GCC_PRECOMPILE_PREFIX_HEADER = YES;
				GCC_PREFIX_HEADER = "Unit-Tests/Prefix.pch";
				INFOPLIST_FILE = "Unit-Tests/Info.plist";
				LD_RUNPATH_SEARCH_PATHS = "$(inherited) @executable_path/../Frameworks @loader_path/../Frameworks";
				PRODUCT_BUNDLE_IDENTIFIER = "com.xs-labs.CPPAtomic-Tests";
				PRODUCT_NAME = "CPPAtomic-Tests";
			};
			name = Release;
		};
		05BD89571A13FF4700A43CD8 /* Debug */ = {
			isa = XCBuildConfiguration;
			buildSettings = {
				ALWAYS_SEARCH_USER_PATHS = NO;
				CLANG_ANALYZER_DEADCODE_DEADSTORES = YES;
				CLANG_ANALYZER_GCD = YES;
				CLANG_ANALYZER_LOCALIZABILITY_EMPTY_CONTEXT = YES;
				CLANG_ANALYZER_LOCALIZABILITY_NONLOCALIZED = YES;
				CLANG_ANALYZER_MEMORY_MANAGEMENT = YES;
				CLANG_ANALYZER_NONNULL = YES;
				CLANG_ANALYZER_OBJC_ATSYNC = YES;
				CLANG_ANALYZER_OBJC_COLLECTIONS = YES;
				CLANG_ANALYZER_OBJC_DEALLOC = YES;
				CLANG_ANALYZER_OBJC_GENERICS = YES;
				CLANG_ANALYZER_OBJC_INCOMP_METHOD_TYPES = YES;
				CLANG_ANALYZER_OBJC_NSCFERROR = YES;
				CLANG_ANALYZER_OBJC_RETAIN_COUNT = YES;
				CLANG_ANALYZER_OBJC_SELF_INIT = YES;
				CLANG_ANALYZER_OBJC_UNUSED_IVARS = YES;
				CLANG_ANALYZER_SECURITY_FLOATLOOPCOUNTER = YES;
				CLANG_ANALYZER_SECURITY_INSECUREAPI_GETPW_GETS = YES;
				CLANG_ANALYZER_SECURITY_INSECUREAPI_MKSTEMP = YES;
				CLANG_ANALYZER_SECURITY_INSECUREAPI_RAND = YES;
				CLANG_ANALYZER_SECURITY_INSECUREAPI_STRCPY = YES;
				CLANG_ANALYZER_SECURITY_INSECUREAPI_UNCHECKEDRETURN = YES;
				CLANG_ANALYZER_SECURITY_INSECUREAPI_VFORK = YES;
				CLANG_ANALYZER_SECURITY_KEYCHAIN_API = YES;
				CLANG_CXX_LANGUAGE_STANDARD = "c++0x";
				CLANG_CXX_LIBRARY = "libc++";
				CLANG_ENABLE_MODULES = YES;
				CLANG_ENABLE_OBJC_ARC = YES;
				CLANG_STATIC_ANALYZER_MODE = deep;
				CLANG_STATIC_ANALYZER_MODE_ON_ANALYZE_ACTION = deep;
				CLANG_WARN_ASSIGN_ENUM = YES;
				CLANG_WARN_BOOL_CONVERSION = YES;
				CLANG_WARN_CONSTANT_CONVERSION = YES;
				CLANG_WARN_CXX0X_EXTENSIONS = YES;
				CLANG_WARN_DEPRECATED_OBJC_IMPLEMENTATIONS = YES;
				CLANG_WARN_DIRECT_OBJC_ISA_USAGE = YES_ERROR;
				CLANG_WARN_DOCUMENTATION_COMMENTS = YES;
				CLANG_WARN_EMPTY_BODY = YES;
				CLANG_WARN_ENUM_CONVERSION = YES;
				CLANG_WARN_IMPLICIT_SIGN_CONVERSION = YES;
				CLANG_WARN_INFINITE_RECURSION = YES;
				CLANG_WARN_INT_CONVERSION = YES;
				CLANG_WARN_OBJC_EXPLICIT_OWNERSHIP_TYPE = YES;
				CLANG_WARN_OBJC_IMPLICIT_ATOMIC_PROPERTIES = YES;
				CLANG_WARN_OBJC_IMPLICIT_RETAIN_SELF = YES;
				CLANG_WARN_OBJC_MISSING_PROPERTY_SYNTHESIS = YES;
				CLANG_WARN_OBJC_RECEIVER_WEAK = YES;
				CLANG_WARN_OBJC_REPEATED_USE_OF_WEAK = YES;
				CLANG_WARN_OBJC_ROOT_CLASS = YES_ERROR;
				CLANG_WARN_SUSPICIOUS_IMPLICIT_CONVERSION = YES;
				CLANG_WARN_SUSPICIOUS_MOVE = YES;
				CLANG_WARN_UNREACHABLE_CODE = YES;
				CLANG_WARN__ARC_BRIDGE_CAST_NONARC = YES;
				CLANG_WARN__DUPLICATE_METHOD_MATCH = YES;
				CLANG_WARN__EXIT_TIME_DESTRUCTORS = YES;
				COPY_PHASE_STRIP = NO;
				DEBUG_INFORMATION_FORMAT = dwarf;
				ENABLE_STRICT_OBJC_MSGSEND = YES;
				ENABLE_TESTABILITY = YES;
				GCC_C_LANGUAGE_STANDARD = c11;
				GCC_DYNAMIC_NO_PIC = NO;
				GCC_ENABLE_CPP_EXCEPTIONS = YES;
				GCC_ENABLE_CPP_RTTI = YES;
				GCC_NO_COMMON_BLOCKS = YES;
				GCC_OPTIMIZATION_LEVEL = 0;
				GCC_PREPROCESSOR_DEFINITIONS = (
					"DEBUG=1",
					"$(inherited)",
				);
				GCC_SYMBOLS_PRIVATE_EXTERN = NO;
				GCC_TREAT_IMPLICIT_FUNCTION_DECLARATIONS_AS_ERRORS = YES;
				GCC_TREAT_INCOMPATIBLE_POINTER_TYPE_WARNINGS_AS_ERRORS = YES;
				GCC_TREAT_WARNINGS_AS_ERRORS = YES;
				GCC_WARN_64_TO_32_BIT_CONVERSION = YES;
				GCC_WARN_ABOUT_DEPRECATED_FUNCTIONS = YES;
				GCC_WARN_ABOUT_INVALID_OFFSETOF_MACRO = YES;
				GCC_WARN_ABOUT_MISSING_FIELD_INITIALIZERS = YES;
				GCC_WARN_ABOUT_MISSING_NEWLINE = YES;
				GCC_WARN_ABOUT_MISSING_PROTOTYPES = YES;
				GCC_WARN_ABOUT_POINTER_SIGNEDNESS = YES;
				GCC_WARN_ABOUT_RETURN_TYPE = YES_ERROR;
				GCC_WARN_ALLOW_INCOMPLETE_PROTOCOL = YES;
				GCC_WARN_CHECK_SWITCH_STATEMENTS = YES;
				GCC_WARN_FOUR_CHARACTER_CONSTANTS = YES;
				GCC_WARN_HIDDEN_VIRTUAL_FUNCTIONS = YES;
				GCC_WARN_INHIBIT_ALL_WARNINGS = NO;
				GCC_WARN_INITIALIZER_NOT_FULLY_BRACKETED = YES;
				GCC_WARN_MISSING_PARENTHESES = YES;
				GCC_WARN_MULTIPLE_DEFINITION_TYPES_FOR_SELECTOR = YES;
				GCC_WARN_NON_VIRTUAL_DESTRUCTOR = YES;
				GCC_WARN_PEDANTIC = YES;
				GCC_WARN_SHADOW = YES;
				GCC_WARN_SIGN_COMPARE = YES;
				GCC_WARN_STRICT_SELECTOR_MATCH = YES;
				GCC_WARN_TYPECHECK_CALLS_TO_PRINTF = YES;
				GCC_WARN_UNDECLARED_SELECTOR = YES;
				GCC_WARN_UNINITIALIZED_AUTOS = YES_AGGRESSIVE;
				GCC_WARN_UNKNOWN_PRAGMAS = YES;
				GCC_WARN_UNUSED_FUNCTION = YES;
				GCC_WARN_UNUSED_LABEL = YES;
				GCC_WARN_UNUSED_PARAMETER = YES;
				GCC_WARN_UNUSED_VALUE = YES;
				GCC_WARN_UNUSED_VARIABLE = YES;
				HEADER_SEARCH_PATHS = (
					CPPAtomic/include/,
					Submodules/CPPTraits/CPPTraits/include,
				);
				LLVM_LTO = YES_THIN;
				MACOSX_DEPLOYMENT_TARGET = 10.8;
				MTL_ENABLE_DEBUG_INFO = YES;
				ONLY_ACTIVE_ARCH = YES;
				RUN_CLANG_STATIC_ANALYZER = YES;
				SDKROOT = macosx;
			};
			name = Debug;
		};
		05BD89581A13FF4700A43CD8 /* Release */ = {
			isa = XCBuildConfiguration;
			buildSettings = {
				ALWAYS_SEARCH_USER_PATHS = NO;
				CLANG_ANALYZER_DEADCODE_DEADSTORES = YES;
				CLANG_ANALYZER_GCD = YES;
				CLANG_ANALYZER_LOCALIZABILITY_EMPTY_CONTEXT = YES;
				CLANG_ANALYZER_LOCALIZABILITY_NONLOCALIZED = YES;
				CLANG_ANALYZER_MEMORY_MANAGEMENT = YES;
				CLANG_ANALYZER_NONNULL = YES;
				CLANG_ANALYZER_OBJC_ATSYNC = YES;
				CLANG_ANALYZER_OBJC_COLLECTIONS = YES;
				CLANG_ANALYZER_OBJC_DEALLOC = YES;
				CLANG_ANALYZER_OBJC_GENERICS = YES;
				CLANG_ANALYZER_OBJC_INCOMP_METHOD_TYPES = YES;
				CLANG_ANALYZER_OBJC_NSCFERROR = YES;
				CLANG_ANALYZER_OBJC_RETAIN_COUNT = YES;
				CLANG_ANALYZER_OBJC_SELF_INIT = YES;
				CLANG_ANALYZER_OBJC_UNUSED_IVARS = YES;
				CLANG_ANALYZER_SECURITY_FLOATLOOPCOUNTER = YES;
				CLANG_ANALYZER_SECURITY_INSECUREAPI_GETPW_GETS = YES;
				CLANG_ANALYZER_SECURITY_INSECUREAPI_MKSTEMP = YES;
				CLANG_ANALYZER_SECURITY_INSECUREAPI_RAND = YES;
				CLANG_ANALYZER_SECURITY_INSECUREAPI_STRCPY = YES;
				CLANG_ANALYZER_SECURITY_INSECUREAPI_UNCHECKEDRETURN = YES;
				CLANG_ANALYZER_SECURITY_INSECUREAPI_VFORK = YES;
				CLANG_ANALYZER_SECURITY_KEYCHAIN_API = YES;
				CLANG_CXX_LANGUAGE_STANDARD = "c++0x";
				CLANG_CXX_LIBRARY = "libc++";
				CLANG_ENABLE_MODULES = YES;
				CLANG_ENABLE_OBJC_ARC = YES;
				CLANG_STATIC_ANALYZER_MODE = deep;
				CLANG_STATIC_ANALYZER_MODE_ON_ANALYZE_ACTION = deep;
				CLANG_WARN_ASSIGN_ENUM = YES;
				CLANG_WARN_BOOL_CONVERSION = YES;
				CLANG_WARN_CONSTANT_CONVERSION = YES;
				CLANG_WARN_CXX0X_EXTENSIONS = YES;
				CLANG_WARN_DEPRECATED_OBJC_IMPLEMENTATIONS = YES;
				CLANG_WARN_DIRECT_OBJC_ISA_USAGE = YES_ERROR;
				CLANG_WARN_DOCUMENTATION_COMMENTS = YES;
				CLANG_WARN_EMPTY_BODY = YES;
				CLANG_WARN_ENUM_CONVERSION = YES;
				CLANG_WARN_IMPLICIT_SIGN_CONVERSION = YES;
				CLANG_WARN_INFINITE_RECURSION = YES;
				CLANG_WARN_INT_CONVERSION = YES;
				CLANG_WARN_OBJC_EXPLICIT_OWNERSHIP_TYPE = YES;
				CLANG_WARN_OBJC_IMPLICIT_ATOMIC_PROPERTIES = YES;
				CLANG_WARN_OBJC_IMPLICIT_RETAIN_SELF = YES;
				CLANG_WARN_OBJC_MISSING_PROPERTY_SYNTHESIS = YES;
				CLANG_WARN_OBJC_RECEIVER_WEAK = YES;
				CLANG_WARN_OBJC_REPEATED_USE_OF_WEAK = YES;
				CLANG_WARN_OBJC_ROOT_CLASS = YES_ERROR;
				CLANG_WARN_SUSPICIOUS_IMPLICIT_CONVERSION = YES;
				CLANG_WARN_SUSPICIOUS_MOVE = YES;
				CLANG_WARN_UNREACHABLE_CODE = YES;
				CLANG_WARN__ARC_BRIDGE_CAST_NONARC = YES;
				CLANG_WARN__DUPLICATE_METHOD_MATCH = YES;
				CLANG_WARN__EXIT_TIME_DESTRUCTORS = YES;
				COPY_PHASE_STRIP = YES;
				DEBUG_INFORMATION_FORMAT = "dwarf-with-dsym";
				ENABLE_NS_ASSERTIONS = NO;
				ENABLE_STRICT_OBJC_MSGSEND = YES;
				GCC_C_LANGUAGE_STANDARD = c11;
				GCC_ENABLE_CPP_EXCEPTIONS = YES;
				GCC_ENABLE_CPP_RTTI = YES;
				GCC_NO_COMMON_BLOCKS = YES;
				GCC_OPTIMIZATION_LEVEL = s;
				GCC_TREAT_IMPLICIT_FUNCTION_DECLARATIONS_AS_ERRORS = YES;
				GCC_TREAT_INCOMPATIBLE_POINTER_TYPE_WARNINGS_AS_ERRORS = YES;
				GCC_TREAT_WARNINGS_AS_ERRORS = YES;
				GCC_WARN_64_TO_32_BIT_CONVERSION = YES;
				GCC_WARN_ABOUT_DEPRECATED_FUNCTIONS = YES;
				GCC_WARN_ABOUT_INVALID_OFFSETOF_MACRO = YES;
				GCC_WARN_ABOUT_MISSING_FIELD_INITIALIZERS = YES;
				GCC_WARN_ABOUT_MISSING_NEWLINE = YES;
				GCC_WARN_ABOUT_MISSING_PROTOTYPES = YES;
				GCC_WARN_ABOUT_POINTER_SIGNEDNESS = YES;
				GCC_WARN_ABOUT_RETURN_TYPE = YES_ERROR;
				GCC_WARN_ALLOW_INCOMPLETE_PROTOCOL = YES;
				GCC_WARN_CHECK_SWITCH_STATEMENTS = YES;
				GCC_WARN_FOUR_CHARACTER_CONSTANTS = YES;
				GCC_WARN_HIDDEN_VIRTUAL_FUNCTIONS = YES;
				GCC_WARN_INHIBIT_ALL_WARNINGS = NO;
				GCC_WARN_INITIALIZER_NOT_FULLY_BRACKETED = YES;
				GCC_WARN_MISSING_PARENTHESES = YES;
				GCC_WARN_MULTIPLE_DEFINITION_TYPES_FOR_SELECTOR = YES;
				GCC_WARN_NON_VIRTUAL_DESTRUCTOR = YES;
				GCC_WARN_PEDANTIC = YES;
				GCC_WARN_SHADOW = YES;
				GCC_WARN_SIGN_COMPARE = YES;
				GCC_WARN_STRICT_SELECTOR_MATCH = YES;
				GCC_WARN_TYPECHECK_CALLS_TO_PRINTF = YES;
				GCC_WARN_UNDECLARED_SELECTOR = YES;
				GCC_WARN_UNINITIALIZED_AUTOS = YES_AGGRESSIVE;
				GCC_WARN_UNKNOWN_PRAGMAS = YES;
				GCC_WARN_UNUSED_FUNCTION = YES;
				GCC_WARN_UNUSED_LABEL = YES;
				GCC_WARN_UNUSED_PARAMETER = YES;
				GCC_WARN_UNUSED_VALUE = YES;
				GCC_WARN_UNUSED_VARIABLE = YES;
				HEADER_SEARCH_PATHS = (
					CPPAtomic/include/,
					Submodules/CPPTraits/CPPTraits/include,
				);
				LLVM_LTO = YES_THIN;
				MACOSX_DEPLOYMENT_TARGET = 10.8;
				MTL_ENABLE_DEBUG_INFO = NO;
				RUN_CLANG_STATIC_ANALYZER = YES;
				SDKROOT = macosx;
			};
			name = Release;
		};
		05EC8A4F1E81E854007233F2 /* Debug */ = {
			isa = XCBuildConfiguration;
			buildSettings = {
				CODE_SIGN_IDENTITY = "-";
				EXECUTABLE_PREFIX = lib;
				PRODUCT_NAME = "$(TARGET_NAME)";
				SKIP_INSTALL = YES;
			};
			name = Debug;
		};
		05EC8A501E81E854007233F2 /* Release */ = {
			isa = XCBuildConfiguration;
			buildSettings = {
				CODE_SIGN_IDENTITY = "-";
				EXECUTABLE_PREFIX = lib;
				PRODUCT_NAME = "$(TARGET_NAME)";
				SKIP_INSTALL = YES;
			};
			name = Release;
		};
/* End XCBuildConfiguration section */

/* Begin XCConfigurationList section */
		053BEDB11B8EFDC1007D82A4 /* Build configuration list for PBXNativeTarget "CPPAtomic-Tests" */ = {
			isa = XCConfigurationList;
			buildConfigurations = (
				053BEDB21B8EFDC1007D82A4 /* Debug */,
				053BEDB31B8EFDC1007D82A4 /* Release */,
			);
			defaultConfigurationIsVisible = 0;
			defaultConfigurationName = Release;
		};
		05BD894D1A13FF4700A43CD8 /* Build configuration list for PBXProject "CPPAtomic" */ = {
			isa = XCConfigurationList;
			buildConfigurations = (
				05BD89571A13FF4700A43CD8 /* Debug */,
				05BD89581A13FF4700A43CD8 /* Release */,
			);
			defaultConfigurationIsVisible = 0;
			defaultConfigurationName = Release;
		};
		05EC8A551E81E854007233F2 /* Build configuration list for PBXNativeTarget "CPPAtomic" */ = {
			isa = XCConfigurationList;
			buildConfigurations = (
				05EC8A4F1E81E854007233F2 /* Debug */,
				05EC8A501E81E854007233F2 /* Release */,
			);
			defaultConfigurationIsVisible = 0;
			defaultConfigurationName = Release;
		};
/* End XCConfigurationList section */
	};
	rootObject = 05BD894A1A13FF4700A43CD8 /* Project object */;
}
